{
  "version": 4,
  "terraform_version": "1.4.6",
  "serial": 852,
  "lineage": "552b8011-5ab2-6d5b-fdeb-1546e5b6de78",
  "outputs": {},
  "resources": [
    {
      "mode": "data",
      "type": "aws_cognito_user_pools",
      "name": "waxmatch",
      "provider": "provider[\"registry.terraform.io/hashicorp/aws\"]",
      "instances": [
        {
          "schema_version": 0,
          "attributes": {
            "arns": [
              "arn:aws:cognito-idp:us-east-1:320251086690:userpool/us-east-1_fH7Kh3tU2"
            ],
            "id": "waxmatcher-login",
            "ids": [
              "us-east-1_fH7Kh3tU2"
            ],
            "name": "waxmatcher-login"
          },
          "sensitive_attributes": []
        }
      ]
    },
    {
      "mode": "data",
      "type": "aws_iam_policy_document",
      "name": "assume_role",
      "provider": "provider[\"registry.terraform.io/hashicorp/aws\"]",
      "instances": [
        {
          "schema_version": 0,
          "attributes": {
            "id": "3693445097",
            "json": "{\n  \"Version\": \"2012-10-17\",\n  \"Statement\": [\n    {\n      \"Sid\": \"\",\n      \"Effect\": \"Allow\",\n      \"Action\": \"sts:AssumeRole\",\n      \"Principal\": {\n        \"Service\": \"lambda.amazonaws.com\"\n      }\n    }\n  ]\n}",
            "override_json": null,
            "override_policy_documents": null,
            "policy_id": null,
            "source_json": null,
            "source_policy_documents": null,
            "statement": [
              {
                "actions": [
                  "sts:AssumeRole"
                ],
                "condition": [],
                "effect": "Allow",
                "not_actions": [],
                "not_principals": [],
                "not_resources": [],
                "principals": [
                  {
                    "identifiers": [
                      "lambda.amazonaws.com"
                    ],
                    "type": "Service"
                  }
                ],
                "resources": [],
                "sid": ""
              }
            ],
            "version": "2012-10-17"
          },
          "sensitive_attributes": []
        }
      ]
    },
    {
      "mode": "data",
      "type": "aws_iam_policy_document",
      "name": "common_discogs_lambda_policy",
      "provider": "provider[\"registry.terraform.io/hashicorp/aws\"]",
      "instances": [
        {
          "schema_version": 0,
          "attributes": {
            "id": "4063422367",
            "json": "{\n  \"Version\": \"2012-10-17\",\n  \"Statement\": [\n    {\n      \"Sid\": \"\",\n      \"Effect\": \"Allow\",\n      \"Action\": [\n        \"logs:PutLogEvents\",\n        \"logs:CreateLogStream\",\n        \"logs:CreateLogGroup\"\n      ],\n      \"Resource\": \"arn:aws:logs:*:*:*\"\n    }\n  ]\n}",
            "override_json": null,
            "override_policy_documents": null,
            "policy_id": null,
            "source_json": null,
            "source_policy_documents": null,
            "statement": [
              {
                "actions": [
                  "logs:CreateLogGroup",
                  "logs:CreateLogStream",
                  "logs:PutLogEvents"
                ],
                "condition": [],
                "effect": "Allow",
                "not_actions": [],
                "not_principals": [],
                "not_resources": [],
                "principals": [],
                "resources": [
                  "arn:aws:logs:*:*:*"
                ],
                "sid": ""
              }
            ],
            "version": "2012-10-17"
          },
          "sensitive_attributes": []
        }
      ]
    },
    {
      "mode": "data",
      "type": "aws_iam_policy_document",
      "name": "recieve_sqs_messages_lambda_policy",
      "provider": "provider[\"registry.terraform.io/hashicorp/aws\"]",
      "instances": [
        {
          "schema_version": 0,
          "attributes": {
            "id": "678415299",
            "json": "{\n  \"Version\": \"2012-10-17\",\n  \"Statement\": [\n    {\n      \"Sid\": \"\",\n      \"Effect\": \"Allow\",\n      \"Action\": [\n        \"sqs:ReceiveMessage\",\n        \"sqs:GetQueueAttributes\",\n        \"sqs:DeleteMessage\"\n      ],\n      \"Resource\": \"arn:aws:sqs:us-east-1:320251086690:song-processor\"\n    }\n  ]\n}",
            "override_json": null,
            "override_policy_documents": null,
            "policy_id": null,
            "source_json": null,
            "source_policy_documents": null,
            "statement": [
              {
                "actions": [
                  "sqs:DeleteMessage",
                  "sqs:GetQueueAttributes",
                  "sqs:ReceiveMessage"
                ],
                "condition": [],
                "effect": "Allow",
                "not_actions": [],
                "not_principals": [],
                "not_resources": [],
                "principals": [],
                "resources": [
                  "arn:aws:sqs:us-east-1:320251086690:song-processor"
                ],
                "sid": ""
              }
            ],
            "version": "2012-10-17"
          },
          "sensitive_attributes": []
        }
      ]
    },
    {
      "mode": "data",
      "type": "aws_iam_policy_document",
      "name": "send_sqs_messages_lambda_policy",
      "provider": "provider[\"registry.terraform.io/hashicorp/aws\"]",
      "instances": [
        {
          "schema_version": 0,
          "attributes": {
            "id": "4115128584",
            "json": "{\n  \"Version\": \"2012-10-17\",\n  \"Statement\": [\n    {\n      \"Sid\": \"\",\n      \"Effect\": \"Allow\",\n      \"Action\": \"sqs:SendMessage\",\n      \"Resource\": \"arn:aws:sqs:us-east-1:320251086690:song-processor\"\n    }\n  ]\n}",
            "override_json": null,
            "override_policy_documents": null,
            "policy_id": null,
            "source_json": null,
            "source_policy_documents": null,
            "statement": [
              {
                "actions": [
                  "sqs:SendMessage"
                ],
                "condition": [],
                "effect": "Allow",
                "not_actions": [],
                "not_principals": [],
                "not_resources": [],
                "principals": [],
                "resources": [
                  "arn:aws:sqs:us-east-1:320251086690:song-processor"
                ],
                "sid": ""
              }
            ],
            "version": "2012-10-17"
          },
          "sensitive_attributes": []
        }
      ]
    },
    {
      "mode": "data",
      "type": "aws_secretsmanager_secret",
      "name": "discogs_consumer_key",
      "provider": "provider[\"registry.terraform.io/hashicorp/aws\"]",
      "instances": [
        {
          "schema_version": 0,
          "attributes": {
            "arn": "arn:aws:secretsmanager:us-east-1:320251086690:secret:wax-match/discogs/consumer_key-1RbxxQ",
            "description": "",
            "id": "arn:aws:secretsmanager:us-east-1:320251086690:secret:wax-match/discogs/consumer_key-1RbxxQ",
            "kms_key_id": "",
            "name": "wax-match/discogs/consumer_key",
            "policy": "",
            "rotation_enabled": false,
            "rotation_lambda_arn": "",
            "rotation_rules": [],
            "tags": {}
          },
          "sensitive_attributes": []
        }
      ]
    },
    {
      "mode": "data",
      "type": "aws_secretsmanager_secret",
      "name": "discogs_consumer_secret",
      "provider": "provider[\"registry.terraform.io/hashicorp/aws\"]",
      "instances": [
        {
          "schema_version": 0,
          "attributes": {
            "arn": "arn:aws:secretsmanager:us-east-1:320251086690:secret:wax-match/discogs/consumer_secret-EghGi7",
            "description": "",
            "id": "arn:aws:secretsmanager:us-east-1:320251086690:secret:wax-match/discogs/consumer_secret-EghGi7",
            "kms_key_id": "",
            "name": "wax-match/discogs/consumer_secret",
            "policy": "",
            "rotation_enabled": false,
            "rotation_lambda_arn": "",
            "rotation_rules": [],
            "tags": {}
          },
          "sensitive_attributes": []
        }
      ]
    },
    {
      "mode": "data",
      "type": "aws_secretsmanager_secret",
      "name": "spotify_token",
      "provider": "provider[\"registry.terraform.io/hashicorp/aws\"]",
      "instances": [
        {
          "schema_version": 0,
          "attributes": {
            "arn": "arn:aws:secretsmanager:us-east-1:320251086690:secret:waxmatch/spotify/consumer_tokens-1Vog22",
            "description": "",
            "id": "arn:aws:secretsmanager:us-east-1:320251086690:secret:waxmatch/spotify/consumer_tokens-1Vog22",
            "kms_key_id": "",
            "name": "waxmatch/spotify/consumer_tokens",
            "policy": "",
            "rotation_enabled": false,
            "rotation_lambda_arn": "",
            "rotation_rules": [],
            "tags": {}
          },
          "sensitive_attributes": []
        }
      ]
    },
    {
      "mode": "data",
      "type": "aws_secretsmanager_secret_version",
      "name": "discogs_consumer_key",
      "provider": "provider[\"registry.terraform.io/hashicorp/aws\"]",
      "instances": [
        {
          "schema_version": 0,
          "attributes": {
            "arn": "arn:aws:secretsmanager:us-east-1:320251086690:secret:wax-match/discogs/consumer_key-1RbxxQ",
            "id": "arn:aws:secretsmanager:us-east-1:320251086690:secret:wax-match/discogs/consumer_key-1RbxxQ|AWSCURRENT",
            "secret_binary": "",
            "secret_id": "arn:aws:secretsmanager:us-east-1:320251086690:secret:wax-match/discogs/consumer_key-1RbxxQ",
            "secret_string": "{\"consumer_key\":\"cSEVasAULfmxVEdBvYDv\"}",
            "version_id": "f2063e68-aae4-4614-bad2-9465c7492814",
            "version_stage": "AWSCURRENT",
            "version_stages": [
              "AWSCURRENT"
            ]
          },
          "sensitive_attributes": []
        }
      ]
    },
    {
      "mode": "data",
      "type": "aws_secretsmanager_secret_version",
      "name": "discogs_consumer_secret",
      "provider": "provider[\"registry.terraform.io/hashicorp/aws\"]",
      "instances": [
        {
          "schema_version": 0,
          "attributes": {
            "arn": "arn:aws:secretsmanager:us-east-1:320251086690:secret:wax-match/discogs/consumer_secret-EghGi7",
            "id": "arn:aws:secretsmanager:us-east-1:320251086690:secret:wax-match/discogs/consumer_secret-EghGi7|AWSCURRENT",
            "secret_binary": "",
            "secret_id": "arn:aws:secretsmanager:us-east-1:320251086690:secret:wax-match/discogs/consumer_secret-EghGi7",
            "secret_string": "{\"consumer_secret\":\"yWebcILkcndvLQDMbQoPOaVSuihhLmzs\"}",
            "version_id": "351b6d72-a816-45b2-aed3-498885936439",
            "version_stage": "AWSCURRENT",
            "version_stages": [
              "AWSCURRENT"
            ]
          },
          "sensitive_attributes": []
        }
      ]
    },
    {
      "mode": "data",
      "type": "aws_secretsmanager_secret_version",
      "name": "spotify_token",
      "provider": "provider[\"registry.terraform.io/hashicorp/aws\"]",
      "instances": [
        {
          "schema_version": 0,
          "attributes": {
            "arn": "arn:aws:secretsmanager:us-east-1:320251086690:secret:waxmatch/spotify/consumer_tokens-1Vog22",
            "id": "arn:aws:secretsmanager:us-east-1:320251086690:secret:waxmatch/spotify/consumer_tokens-1Vog22|AWSCURRENT",
            "secret_binary": "",
            "secret_id": "arn:aws:secretsmanager:us-east-1:320251086690:secret:waxmatch/spotify/consumer_tokens-1Vog22",
            "secret_string": "{\"spotify_client_id\":\"18270a51a8df44878a7f773f7dcfc487\",\"spotify_client_secret\":\"8dcca1887c8840cfa48b671a768de0f1\"}",
            "version_id": "f7691364-855c-4fce-8b4c-1a65177b2fe0",
            "version_stage": "AWSCURRENT",
            "version_stages": [
              "AWSCURRENT"
            ]
          },
          "sensitive_attributes": []
        }
      ]
    },
    {
      "mode": "managed",
      "type": "aws_api_gateway_authorizer",
      "name": "waxmatch",
      "provider": "provider[\"registry.terraform.io/hashicorp/aws\"]",
      "instances": [
        {
          "schema_version": 0,
          "attributes": {
            "arn": "arn:aws:apigateway:us-east-1::/restapis/vapshnrmeh/authorizers/2le7ec",
            "authorizer_credentials": "",
            "authorizer_result_ttl_in_seconds": 300,
            "authorizer_uri": "",
            "id": "2le7ec",
            "identity_source": "method.request.header.Authorization",
            "identity_validation_expression": "",
            "name": "CognitoUserPoolAuthorizer",
            "provider_arns": [
              "arn:aws:cognito-idp:us-east-1:320251086690:userpool/us-east-1_fH7Kh3tU2"
            ],
            "rest_api_id": "vapshnrmeh",
            "type": "COGNITO_USER_POOLS"
          },
          "sensitive_attributes": [],
          "private": "bnVsbA==",
          "dependencies": [
            "aws_api_gateway_rest_api.waxmatch",
            "data.aws_cognito_user_pools.waxmatch"
          ]
        }
      ]
    },
    {
      "mode": "managed",
      "type": "aws_api_gateway_deployment",
      "name": "waxmatch",
      "provider": "provider[\"registry.terraform.io/hashicorp/aws\"]",
      "instances": [
        {
          "schema_version": 0,
          "attributes": {
            "created_date": "2023-08-21T06:15:26Z",
            "description": "",
            "execution_arn": "arn:aws:execute-api:us-east-1:320251086690:vapshnrmeh/",
            "id": "nv2vm3",
            "invoke_url": "https://vapshnrmeh.execute-api.us-east-1.amazonaws.com/",
            "rest_api_id": "vapshnrmeh",
            "stage_description": null,
            "stage_name": null,
            "triggers": null,
            "variables": null
          },
          "sensitive_attributes": [],
          "private": "bnVsbA==",
          "dependencies": [
            "aws_api_gateway_rest_api.waxmatch"
          ],
          "create_before_destroy": true
        }
      ]
    },
    {
      "mode": "managed",
      "type": "aws_api_gateway_integration",
      "name": "discogs_auth_access_token",
      "provider": "provider[\"registry.terraform.io/hashicorp/aws\"]",
      "instances": [
        {
          "schema_version": 0,
          "attributes": {
            "cache_key_parameters": [],
            "cache_namespace": "9pxxrk",
            "connection_id": "",
            "connection_type": "INTERNET",
            "content_handling": "",
            "credentials": "",
            "http_method": "POST",
            "id": "agi-vapshnrmeh-9pxxrk-POST",
            "integration_http_method": "POST",
            "passthrough_behavior": "WHEN_NO_MATCH",
            "request_parameters": {},
            "request_templates": {},
            "resource_id": "9pxxrk",
            "rest_api_id": "vapshnrmeh",
            "timeout_milliseconds": 29000,
            "tls_config": [],
            "type": "AWS_PROXY",
            "uri": "arn:aws:apigateway:us-east-1:lambda:path/2015-03-31/functions/arn:aws:lambda:us-east-1:320251086690:function:discogs-access-token/invocations"
          },
          "sensitive_attributes": [],
          "private": "bnVsbA==",
          "dependencies": [
            "aws_api_gateway_authorizer.waxmatch",
            "aws_api_gateway_method.discogs_auth_access_token",
            "aws_api_gateway_resource.discogs",
            "aws_api_gateway_resource.discogs_auth",
            "aws_api_gateway_resource.discogs_auth_access_token",
            "aws_api_gateway_rest_api.waxmatch",
            "aws_iam_role.discogs_lambdas",
            "aws_lambda_function.discogs_lambdas",
            "aws_sqs_queue.song_processor",
            "data.aws_cognito_user_pools.waxmatch",
            "data.aws_iam_policy_document.assume_role",
            "data.aws_secretsmanager_secret.discogs_consumer_key",
            "data.aws_secretsmanager_secret.discogs_consumer_secret",
            "data.aws_secretsmanager_secret.spotify_token",
            "data.aws_secretsmanager_secret_version.discogs_consumer_key",
            "data.aws_secretsmanager_secret_version.discogs_consumer_secret",
            "data.aws_secretsmanager_secret_version.spotify_token"
          ]
        }
      ]
    },
    {
      "mode": "managed",
      "type": "aws_api_gateway_integration",
      "name": "discogs_auth_request_token",
      "provider": "provider[\"registry.terraform.io/hashicorp/aws\"]",
      "instances": [
        {
          "schema_version": 0,
          "attributes": {
            "cache_key_parameters": [],
            "cache_namespace": "s2u8r6",
            "connection_id": "",
            "connection_type": "INTERNET",
            "content_handling": "",
            "credentials": "",
            "http_method": "GET",
            "id": "agi-vapshnrmeh-s2u8r6-GET",
            "integration_http_method": "GET",
            "passthrough_behavior": "WHEN_NO_MATCH",
            "request_parameters": {},
            "request_templates": {},
            "resource_id": "s2u8r6",
            "rest_api_id": "vapshnrmeh",
            "timeout_milliseconds": 29000,
            "tls_config": [],
            "type": "AWS_PROXY",
            "uri": "arn:aws:apigateway:us-east-1:lambda:path/2015-03-31/functions/arn:aws:lambda:us-east-1:320251086690:function:discogs-request-token/invocations"
          },
          "sensitive_attributes": [],
          "private": "bnVsbA==",
          "dependencies": [
            "aws_api_gateway_authorizer.waxmatch",
            "aws_api_gateway_method.discogs_auth_request_token",
            "aws_api_gateway_resource.discogs",
            "aws_api_gateway_resource.discogs_auth",
            "aws_api_gateway_resource.discogs_auth_request_token",
            "aws_api_gateway_rest_api.waxmatch",
            "aws_iam_role.discogs_lambdas",
            "aws_lambda_function.discogs_lambdas",
            "aws_sqs_queue.song_processor",
            "data.aws_cognito_user_pools.waxmatch",
            "data.aws_iam_policy_document.assume_role",
            "data.aws_secretsmanager_secret.discogs_consumer_key",
            "data.aws_secretsmanager_secret.discogs_consumer_secret",
            "data.aws_secretsmanager_secret.spotify_token",
            "data.aws_secretsmanager_secret_version.discogs_consumer_key",
            "data.aws_secretsmanager_secret_version.discogs_consumer_secret",
            "data.aws_secretsmanager_secret_version.spotify_token"
          ]
        }
      ]
    },
    {
      "mode": "managed",
      "type": "aws_api_gateway_integration",
      "name": "discogs_collection_releases",
      "provider": "provider[\"registry.terraform.io/hashicorp/aws\"]",
      "instances": [
        {
          "schema_version": 0,
          "attributes": {
            "cache_key_parameters": [],
            "cache_namespace": "01mgkr",
            "connection_id": "",
            "connection_type": "INTERNET",
            "content_handling": "",
            "credentials": "",
            "http_method": "GET",
            "id": "agi-vapshnrmeh-01mgkr-GET",
            "integration_http_method": "GET",
            "passthrough_behavior": "WHEN_NO_MATCH",
            "request_parameters": {},
            "request_templates": {},
            "resource_id": "01mgkr",
            "rest_api_id": "vapshnrmeh",
            "timeout_milliseconds": 29000,
            "tls_config": [],
            "type": "AWS_PROXY",
            "uri": "arn:aws:apigateway:us-east-1:lambda:path/2015-03-31/functions/arn:aws:lambda:us-east-1:320251086690:function:discogs-get-collection-releases/invocations"
          },
          "sensitive_attributes": [],
          "private": "bnVsbA==",
          "dependencies": [
            "aws_api_gateway_authorizer.waxmatch",
            "aws_api_gateway_method.discogs_collection_releases",
            "aws_api_gateway_resource.discogs",
            "aws_api_gateway_resource.discogs_collection_releases",
            "aws_api_gateway_resource.discogs_collections",
            "aws_api_gateway_rest_api.waxmatch",
            "aws_iam_role.discogs_lambdas",
            "aws_lambda_function.discogs_lambdas",
            "aws_sqs_queue.song_processor",
            "data.aws_cognito_user_pools.waxmatch",
            "data.aws_iam_policy_document.assume_role",
            "data.aws_secretsmanager_secret.discogs_consumer_key",
            "data.aws_secretsmanager_secret.discogs_consumer_secret",
            "data.aws_secretsmanager_secret.spotify_token",
            "data.aws_secretsmanager_secret_version.discogs_consumer_key",
            "data.aws_secretsmanager_secret_version.discogs_consumer_secret",
            "data.aws_secretsmanager_secret_version.spotify_token"
          ]
        }
      ]
    },
    {
      "mode": "managed",
      "type": "aws_api_gateway_integration",
      "name": "discogs_identity",
      "provider": "provider[\"registry.terraform.io/hashicorp/aws\"]",
      "instances": [
        {
          "schema_version": 0,
          "attributes": {
            "cache_key_parameters": [],
            "cache_namespace": "n9bmft",
            "connection_id": "",
            "connection_type": "INTERNET",
            "content_handling": "",
            "credentials": "",
            "http_method": "GET",
            "id": "agi-vapshnrmeh-n9bmft-GET",
            "integration_http_method": "GET",
            "passthrough_behavior": "WHEN_NO_MATCH",
            "request_parameters": {},
            "request_templates": {},
            "resource_id": "n9bmft",
            "rest_api_id": "vapshnrmeh",
            "timeout_milliseconds": 29000,
            "tls_config": [],
            "type": "AWS_PROXY",
            "uri": "arn:aws:apigateway:us-east-1:lambda:path/2015-03-31/functions/arn:aws:lambda:us-east-1:320251086690:function:discogs-identity/invocations"
          },
          "sensitive_attributes": [],
          "private": "bnVsbA==",
          "dependencies": [
            "aws_api_gateway_authorizer.waxmatch",
            "aws_api_gateway_method.discogs_identity",
            "aws_api_gateway_resource.discogs",
            "aws_api_gateway_resource.discogs_identity",
            "aws_api_gateway_rest_api.waxmatch",
            "aws_iam_role.discogs_lambdas",
            "aws_lambda_function.discogs_lambdas",
            "aws_sqs_queue.song_processor",
            "data.aws_cognito_user_pools.waxmatch",
            "data.aws_iam_policy_document.assume_role",
            "data.aws_secretsmanager_secret.discogs_consumer_key",
            "data.aws_secretsmanager_secret.discogs_consumer_secret",
            "data.aws_secretsmanager_secret.spotify_token",
            "data.aws_secretsmanager_secret_version.discogs_consumer_key",
            "data.aws_secretsmanager_secret_version.discogs_consumer_secret",
            "data.aws_secretsmanager_secret_version.spotify_token"
          ]
        }
      ]
    },
    {
      "mode": "managed",
      "type": "aws_api_gateway_integration",
      "name": "discogs_sync",
      "provider": "provider[\"registry.terraform.io/hashicorp/aws\"]",
      "instances": [
        {
          "schema_version": 0,
          "attributes": {
            "cache_key_parameters": [],
            "cache_namespace": "ymlhwh",
            "connection_id": "",
            "connection_type": "INTERNET",
            "content_handling": "",
            "credentials": "",
            "http_method": "GET",
            "id": "agi-vapshnrmeh-ymlhwh-GET",
            "integration_http_method": "GET",
            "passthrough_behavior": "WHEN_NO_MATCH",
            "request_parameters": {},
            "request_templates": {},
            "resource_id": "ymlhwh",
            "rest_api_id": "vapshnrmeh",
            "timeout_milliseconds": 29000,
            "tls_config": [],
            "type": "AWS_PROXY",
            "uri": "arn:aws:apigateway:us-east-1:lambda:path/2015-03-31/functions/arn:aws:lambda:us-east-1:320251086690:function:discogs-get-all-collection-releases/invocations"
          },
          "sensitive_attributes": [],
          "private": "bnVsbA==",
          "dependencies": [
            "aws_api_gateway_authorizer.waxmatch",
            "aws_api_gateway_method.discogs_sync",
            "aws_api_gateway_resource.discogs",
            "aws_api_gateway_resource.discogs_collections",
            "aws_api_gateway_resource.discogs_sync",
            "aws_api_gateway_rest_api.waxmatch",
            "aws_iam_role.discogs_lambdas",
            "aws_lambda_function.discogs_lambdas",
            "aws_sqs_queue.song_processor",
            "data.aws_cognito_user_pools.waxmatch",
            "data.aws_iam_policy_document.assume_role",
            "data.aws_secretsmanager_secret.discogs_consumer_key",
            "data.aws_secretsmanager_secret.discogs_consumer_secret",
            "data.aws_secretsmanager_secret.spotify_token",
            "data.aws_secretsmanager_secret_version.discogs_consumer_key",
            "data.aws_secretsmanager_secret_version.discogs_consumer_secret",
            "data.aws_secretsmanager_secret_version.spotify_token"
          ]
        }
      ]
    },
    {
      "mode": "managed",
      "type": "aws_api_gateway_integration_response",
      "name": "discogs_auth_access_token",
      "provider": "provider[\"registry.terraform.io/hashicorp/aws\"]",
      "instances": [
        {
          "schema_version": 0,
          "attributes": {
            "content_handling": "",
            "http_method": "POST",
            "id": "agir-vapshnrmeh-9pxxrk-POST-200",
            "resource_id": "9pxxrk",
            "response_parameters": {},
            "response_templates": {
              "application/json": ""
            },
            "rest_api_id": "vapshnrmeh",
            "selection_pattern": "",
            "status_code": "200"
          },
          "sensitive_attributes": [],
          "private": "bnVsbA==",
          "dependencies": [
            "aws_api_gateway_authorizer.waxmatch",
            "aws_api_gateway_method.discogs_auth_access_token",
            "aws_api_gateway_resource.discogs",
            "aws_api_gateway_resource.discogs_auth",
            "aws_api_gateway_resource.discogs_auth_access_token",
            "aws_api_gateway_rest_api.waxmatch",
            "data.aws_cognito_user_pools.waxmatch"
          ]
        }
      ]
    },
    {
      "mode": "managed",
      "type": "aws_api_gateway_integration_response",
      "name": "discogs_auth_request_token",
      "provider": "provider[\"registry.terraform.io/hashicorp/aws\"]",
      "instances": [
        {
          "schema_version": 0,
          "attributes": {
            "content_handling": "",
            "http_method": "GET",
            "id": "agir-vapshnrmeh-s2u8r6-GET-200",
            "resource_id": "s2u8r6",
            "response_parameters": {},
            "response_templates": {
              "application/json": ""
            },
            "rest_api_id": "vapshnrmeh",
            "selection_pattern": "",
            "status_code": "200"
          },
          "sensitive_attributes": [],
          "private": "bnVsbA==",
          "dependencies": [
            "aws_api_gateway_authorizer.waxmatch",
            "aws_api_gateway_method.discogs_auth_request_token",
            "aws_api_gateway_resource.discogs",
            "aws_api_gateway_resource.discogs_auth",
            "aws_api_gateway_resource.discogs_auth_request_token",
            "aws_api_gateway_rest_api.waxmatch",
            "data.aws_cognito_user_pools.waxmatch"
          ]
        }
      ]
    },
    {
      "mode": "managed",
      "type": "aws_api_gateway_integration_response",
      "name": "discogs_collection_releases",
      "provider": "provider[\"registry.terraform.io/hashicorp/aws\"]",
      "instances": [
        {
          "schema_version": 0,
          "attributes": {
            "content_handling": "",
            "http_method": "GET",
            "id": "agir-vapshnrmeh-01mgkr-GET-200",
            "resource_id": "01mgkr",
            "response_parameters": {},
            "response_templates": {
              "application/json": ""
            },
            "rest_api_id": "vapshnrmeh",
            "selection_pattern": "",
            "status_code": "200"
          },
          "sensitive_attributes": [],
          "private": "bnVsbA==",
          "dependencies": [
            "aws_api_gateway_authorizer.waxmatch",
            "aws_api_gateway_method.discogs_collection_releases",
            "aws_api_gateway_resource.discogs",
            "aws_api_gateway_resource.discogs_collection_releases",
            "aws_api_gateway_resource.discogs_collections",
            "aws_api_gateway_rest_api.waxmatch",
            "data.aws_cognito_user_pools.waxmatch"
          ]
        }
      ]
    },
    {
      "mode": "managed",
      "type": "aws_api_gateway_integration_response",
      "name": "discogs_identity",
      "provider": "provider[\"registry.terraform.io/hashicorp/aws\"]",
      "instances": [
        {
          "schema_version": 0,
          "attributes": {
            "content_handling": "",
            "http_method": "GET",
            "id": "agir-vapshnrmeh-n9bmft-GET-200",
            "resource_id": "n9bmft",
            "response_parameters": {},
            "response_templates": {
              "application/json": ""
            },
            "rest_api_id": "vapshnrmeh",
            "selection_pattern": "",
            "status_code": "200"
          },
          "sensitive_attributes": [],
          "private": "bnVsbA==",
          "dependencies": [
            "aws_api_gateway_authorizer.waxmatch",
            "aws_api_gateway_method.discogs_identity",
            "aws_api_gateway_resource.discogs",
            "aws_api_gateway_resource.discogs_identity",
            "aws_api_gateway_rest_api.waxmatch",
            "data.aws_cognito_user_pools.waxmatch"
          ]
        }
      ]
    },
    {
      "mode": "managed",
      "type": "aws_api_gateway_integration_response",
      "name": "discogs_sync",
      "provider": "provider[\"registry.terraform.io/hashicorp/aws\"]",
      "instances": [
        {
          "schema_version": 0,
          "attributes": {
            "content_handling": "",
            "http_method": "GET",
            "id": "agir-vapshnrmeh-ymlhwh-GET-200",
            "resource_id": "ymlhwh",
            "response_parameters": {},
            "response_templates": {
              "application/json": ""
            },
            "rest_api_id": "vapshnrmeh",
            "selection_pattern": "",
            "status_code": "200"
          },
          "sensitive_attributes": [],
          "private": "bnVsbA==",
          "dependencies": [
            "aws_api_gateway_authorizer.waxmatch",
            "aws_api_gateway_method.discogs_sync",
            "aws_api_gateway_resource.discogs",
            "aws_api_gateway_resource.discogs_collections",
            "aws_api_gateway_resource.discogs_sync",
            "aws_api_gateway_rest_api.waxmatch",
            "data.aws_cognito_user_pools.waxmatch"
          ]
        }
      ]
    },
    {
      "mode": "managed",
      "type": "aws_api_gateway_method",
      "name": "discogs_auth_access_token",
      "provider": "provider[\"registry.terraform.io/hashicorp/aws\"]",
      "instances": [
        {
          "schema_version": 0,
          "attributes": {
            "api_key_required": false,
            "authorization": "COGNITO_USER_POOLS",
            "authorization_scopes": [],
            "authorizer_id": "2le7ec",
            "http_method": "POST",
            "id": "agm-vapshnrmeh-9pxxrk-POST",
            "operation_name": "",
            "request_models": {},
            "request_parameters": {},
            "request_validator_id": "",
            "resource_id": "9pxxrk",
            "rest_api_id": "vapshnrmeh"
          },
          "sensitive_attributes": [],
          "private": "bnVsbA==",
          "dependencies": [
            "aws_api_gateway_authorizer.waxmatch",
            "aws_api_gateway_resource.discogs",
            "aws_api_gateway_resource.discogs_auth",
            "aws_api_gateway_resource.discogs_auth_access_token",
            "aws_api_gateway_rest_api.waxmatch",
            "data.aws_cognito_user_pools.waxmatch"
          ]
        }
      ]
    },
    {
      "mode": "managed",
      "type": "aws_api_gateway_method",
      "name": "discogs_auth_request_token",
      "provider": "provider[\"registry.terraform.io/hashicorp/aws\"]",
      "instances": [
        {
          "schema_version": 0,
          "attributes": {
            "api_key_required": false,
            "authorization": "COGNITO_USER_POOLS",
            "authorization_scopes": [],
            "authorizer_id": "2le7ec",
            "http_method": "GET",
            "id": "agm-vapshnrmeh-s2u8r6-GET",
            "operation_name": "",
            "request_models": {},
            "request_parameters": {},
            "request_validator_id": "",
            "resource_id": "s2u8r6",
            "rest_api_id": "vapshnrmeh"
          },
          "sensitive_attributes": [],
          "private": "bnVsbA==",
          "dependencies": [
            "aws_api_gateway_authorizer.waxmatch",
            "aws_api_gateway_resource.discogs",
            "aws_api_gateway_resource.discogs_auth",
            "aws_api_gateway_resource.discogs_auth_request_token",
            "aws_api_gateway_rest_api.waxmatch",
            "data.aws_cognito_user_pools.waxmatch"
          ]
        }
      ]
    },
    {
      "mode": "managed",
      "type": "aws_api_gateway_method",
      "name": "discogs_collection_releases",
      "provider": "provider[\"registry.terraform.io/hashicorp/aws\"]",
      "instances": [
        {
          "schema_version": 0,
          "attributes": {
            "api_key_required": false,
            "authorization": "COGNITO_USER_POOLS",
            "authorization_scopes": [],
            "authorizer_id": "2le7ec",
            "http_method": "GET",
            "id": "agm-vapshnrmeh-01mgkr-GET",
            "operation_name": "",
            "request_models": {},
            "request_parameters": {},
            "request_validator_id": "",
            "resource_id": "01mgkr",
            "rest_api_id": "vapshnrmeh"
          },
          "sensitive_attributes": [],
          "private": "bnVsbA==",
          "dependencies": [
            "aws_api_gateway_authorizer.waxmatch",
            "aws_api_gateway_resource.discogs",
            "aws_api_gateway_resource.discogs_collection_releases",
            "aws_api_gateway_resource.discogs_collections",
            "aws_api_gateway_rest_api.waxmatch",
            "data.aws_cognito_user_pools.waxmatch"
          ]
        }
      ]
    },
    {
      "mode": "managed",
      "type": "aws_api_gateway_method",
      "name": "discogs_identity",
      "provider": "provider[\"registry.terraform.io/hashicorp/aws\"]",
      "instances": [
        {
          "schema_version": 0,
          "attributes": {
            "api_key_required": false,
            "authorization": "COGNITO_USER_POOLS",
            "authorization_scopes": [],
            "authorizer_id": "2le7ec",
            "http_method": "GET",
            "id": "agm-vapshnrmeh-n9bmft-GET",
            "operation_name": "",
            "request_models": {},
            "request_parameters": {},
            "request_validator_id": "",
            "resource_id": "n9bmft",
            "rest_api_id": "vapshnrmeh"
          },
          "sensitive_attributes": [],
          "private": "bnVsbA==",
          "dependencies": [
            "aws_api_gateway_authorizer.waxmatch",
            "aws_api_gateway_resource.discogs",
            "aws_api_gateway_resource.discogs_identity",
            "aws_api_gateway_rest_api.waxmatch",
            "data.aws_cognito_user_pools.waxmatch"
          ]
        }
      ]
    },
    {
      "mode": "managed",
      "type": "aws_api_gateway_method",
      "name": "discogs_sync",
      "provider": "provider[\"registry.terraform.io/hashicorp/aws\"]",
      "instances": [
        {
          "schema_version": 0,
          "attributes": {
            "api_key_required": false,
            "authorization": "COGNITO_USER_POOLS",
            "authorization_scopes": [],
            "authorizer_id": "2le7ec",
            "http_method": "GET",
            "id": "agm-vapshnrmeh-ymlhwh-GET",
            "operation_name": "",
            "request_models": {},
            "request_parameters": {},
            "request_validator_id": "",
            "resource_id": "ymlhwh",
            "rest_api_id": "vapshnrmeh"
          },
          "sensitive_attributes": [],
          "private": "bnVsbA==",
          "dependencies": [
            "aws_api_gateway_authorizer.waxmatch",
            "aws_api_gateway_resource.discogs",
            "aws_api_gateway_resource.discogs_collections",
            "aws_api_gateway_resource.discogs_sync",
            "aws_api_gateway_rest_api.waxmatch",
            "data.aws_cognito_user_pools.waxmatch"
          ]
        }
      ]
    },
    {
      "mode": "managed",
      "type": "aws_api_gateway_method_response",
      "name": "discogs_auth_access_token_200",
      "provider": "provider[\"registry.terraform.io/hashicorp/aws\"]",
      "instances": [
        {
          "schema_version": 0,
          "attributes": {
            "http_method": "POST",
            "id": "agmr-vapshnrmeh-9pxxrk-POST-200",
            "resource_id": "9pxxrk",
            "response_models": {
              "application/json": "Empty"
            },
            "response_parameters": {
              "method.response.header.Access-Control-Allow-Origin": true
            },
            "rest_api_id": "vapshnrmeh",
            "status_code": "200"
          },
          "sensitive_attributes": [],
          "private": "bnVsbA==",
          "dependencies": [
            "aws_api_gateway_authorizer.waxmatch",
            "aws_api_gateway_method.discogs_auth_access_token",
            "aws_api_gateway_resource.discogs",
            "aws_api_gateway_resource.discogs_auth",
            "aws_api_gateway_resource.discogs_auth_access_token",
            "aws_api_gateway_rest_api.waxmatch",
            "data.aws_cognito_user_pools.waxmatch"
          ]
        }
      ]
    },
    {
      "mode": "managed",
      "type": "aws_api_gateway_method_response",
      "name": "discogs_auth_access_token_400",
      "provider": "provider[\"registry.terraform.io/hashicorp/aws\"]",
      "instances": [
        {
          "schema_version": 0,
          "attributes": {
            "http_method": "POST",
            "id": "agmr-vapshnrmeh-9pxxrk-POST-400",
            "resource_id": "9pxxrk",
            "response_models": {},
            "response_parameters": {},
            "rest_api_id": "vapshnrmeh",
            "status_code": "400"
          },
          "sensitive_attributes": [],
          "private": "bnVsbA==",
          "dependencies": [
            "aws_api_gateway_authorizer.waxmatch",
            "aws_api_gateway_method.discogs_auth_access_token",
            "aws_api_gateway_resource.discogs",
            "aws_api_gateway_resource.discogs_auth",
            "aws_api_gateway_resource.discogs_auth_access_token",
            "aws_api_gateway_rest_api.waxmatch",
            "data.aws_cognito_user_pools.waxmatch"
          ]
        }
      ]
    },
    {
      "mode": "managed",
      "type": "aws_api_gateway_method_response",
      "name": "discogs_auth_request_token_200",
      "provider": "provider[\"registry.terraform.io/hashicorp/aws\"]",
      "instances": [
        {
          "schema_version": 0,
          "attributes": {
            "http_method": "GET",
            "id": "agmr-vapshnrmeh-s2u8r6-GET-200",
            "resource_id": "s2u8r6",
            "response_models": {
              "application/json": "Empty"
            },
            "response_parameters": {
              "method.response.header.Access-Control-Allow-Origin": true
            },
            "rest_api_id": "vapshnrmeh",
            "status_code": "200"
          },
          "sensitive_attributes": [],
          "private": "bnVsbA==",
          "dependencies": [
            "aws_api_gateway_authorizer.waxmatch",
            "aws_api_gateway_method.discogs_auth_request_token",
            "aws_api_gateway_resource.discogs",
            "aws_api_gateway_resource.discogs_auth",
            "aws_api_gateway_resource.discogs_auth_request_token",
            "aws_api_gateway_rest_api.waxmatch",
            "data.aws_cognito_user_pools.waxmatch"
          ]
        }
      ]
    },
    {
      "mode": "managed",
      "type": "aws_api_gateway_method_response",
      "name": "discogs_auth_request_token_400",
      "provider": "provider[\"registry.terraform.io/hashicorp/aws\"]",
      "instances": [
        {
          "schema_version": 0,
          "attributes": {
            "http_method": "GET",
            "id": "agmr-vapshnrmeh-s2u8r6-GET-400",
            "resource_id": "s2u8r6",
            "response_models": {},
            "response_parameters": {},
            "rest_api_id": "vapshnrmeh",
            "status_code": "400"
          },
          "sensitive_attributes": [],
          "private": "bnVsbA==",
          "dependencies": [
            "aws_api_gateway_authorizer.waxmatch",
            "aws_api_gateway_method.discogs_auth_request_token",
            "aws_api_gateway_resource.discogs",
            "aws_api_gateway_resource.discogs_auth",
            "aws_api_gateway_resource.discogs_auth_request_token",
            "aws_api_gateway_rest_api.waxmatch",
            "data.aws_cognito_user_pools.waxmatch"
          ]
        }
      ]
    },
    {
      "mode": "managed",
      "type": "aws_api_gateway_method_response",
      "name": "discogs_collection_releases_200",
      "provider": "provider[\"registry.terraform.io/hashicorp/aws\"]",
      "instances": [
        {
          "schema_version": 0,
          "attributes": {
            "http_method": "GET",
            "id": "agmr-vapshnrmeh-01mgkr-GET-200",
            "resource_id": "01mgkr",
            "response_models": {
              "application/json": "Empty"
            },
            "response_parameters": {
              "method.response.header.Access-Control-Allow-Origin": true
            },
            "rest_api_id": "vapshnrmeh",
            "status_code": "200"
          },
          "sensitive_attributes": [],
          "private": "bnVsbA==",
          "dependencies": [
            "aws_api_gateway_authorizer.waxmatch",
            "aws_api_gateway_method.discogs_collection_releases",
            "aws_api_gateway_resource.discogs",
            "aws_api_gateway_resource.discogs_collection_releases",
            "aws_api_gateway_resource.discogs_collections",
            "aws_api_gateway_rest_api.waxmatch",
            "data.aws_cognito_user_pools.waxmatch"
          ]
        }
      ]
    },
    {
      "mode": "managed",
      "type": "aws_api_gateway_method_response",
      "name": "discogs_collection_releases_400",
      "provider": "provider[\"registry.terraform.io/hashicorp/aws\"]",
      "instances": [
        {
          "schema_version": 0,
          "attributes": {
            "http_method": "GET",
            "id": "agmr-vapshnrmeh-01mgkr-GET-400",
            "resource_id": "01mgkr",
            "response_models": {},
            "response_parameters": {},
            "rest_api_id": "vapshnrmeh",
            "status_code": "400"
          },
          "sensitive_attributes": [],
          "private": "bnVsbA==",
          "dependencies": [
            "aws_api_gateway_authorizer.waxmatch",
            "aws_api_gateway_method.discogs_collection_releases",
            "aws_api_gateway_resource.discogs",
            "aws_api_gateway_resource.discogs_collection_releases",
            "aws_api_gateway_resource.discogs_collections",
            "aws_api_gateway_rest_api.waxmatch",
            "data.aws_cognito_user_pools.waxmatch"
          ]
        }
      ]
    },
    {
      "mode": "managed",
      "type": "aws_api_gateway_method_response",
      "name": "discogs_identity_200",
      "provider": "provider[\"registry.terraform.io/hashicorp/aws\"]",
      "instances": [
        {
          "schema_version": 0,
          "attributes": {
            "http_method": "GET",
            "id": "agmr-vapshnrmeh-n9bmft-GET-200",
            "resource_id": "n9bmft",
            "response_models": {
              "application/json": "Empty"
            },
            "response_parameters": {
              "method.response.header.Access-Control-Allow-Origin": true
            },
            "rest_api_id": "vapshnrmeh",
            "status_code": "200"
          },
          "sensitive_attributes": [],
          "private": "bnVsbA==",
          "dependencies": [
            "aws_api_gateway_authorizer.waxmatch",
            "aws_api_gateway_method.discogs_identity",
            "aws_api_gateway_resource.discogs",
            "aws_api_gateway_resource.discogs_identity",
            "aws_api_gateway_rest_api.waxmatch",
            "data.aws_cognito_user_pools.waxmatch"
          ]
        }
      ]
    },
    {
      "mode": "managed",
      "type": "aws_api_gateway_method_response",
      "name": "discogs_identity_400",
      "provider": "provider[\"registry.terraform.io/hashicorp/aws\"]",
      "instances": [
        {
          "schema_version": 0,
          "attributes": {
            "http_method": "GET",
            "id": "agmr-vapshnrmeh-n9bmft-GET-400",
            "resource_id": "n9bmft",
            "response_models": {},
            "response_parameters": {},
            "rest_api_id": "vapshnrmeh",
            "status_code": "400"
          },
          "sensitive_attributes": [],
          "private": "bnVsbA==",
          "dependencies": [
            "aws_api_gateway_authorizer.waxmatch",
            "aws_api_gateway_method.discogs_identity",
            "aws_api_gateway_resource.discogs",
            "aws_api_gateway_resource.discogs_identity",
            "aws_api_gateway_rest_api.waxmatch",
            "data.aws_cognito_user_pools.waxmatch"
          ]
        }
      ]
    },
    {
      "mode": "managed",
      "type": "aws_api_gateway_method_response",
      "name": "discogs_sync_200",
      "provider": "provider[\"registry.terraform.io/hashicorp/aws\"]",
      "instances": [
        {
          "schema_version": 0,
          "attributes": {
            "http_method": "GET",
            "id": "agmr-vapshnrmeh-ymlhwh-GET-200",
            "resource_id": "ymlhwh",
            "response_models": {
              "application/json": "Empty"
            },
            "response_parameters": {
              "method.response.header.Access-Control-Allow-Origin": true
            },
            "rest_api_id": "vapshnrmeh",
            "status_code": "200"
          },
          "sensitive_attributes": [],
          "private": "bnVsbA==",
          "dependencies": [
            "aws_api_gateway_authorizer.waxmatch",
            "aws_api_gateway_method.discogs_sync",
            "aws_api_gateway_resource.discogs",
            "aws_api_gateway_resource.discogs_collections",
            "aws_api_gateway_resource.discogs_sync",
            "aws_api_gateway_rest_api.waxmatch",
            "data.aws_cognito_user_pools.waxmatch"
          ]
        }
      ]
    },
    {
      "mode": "managed",
      "type": "aws_api_gateway_method_response",
      "name": "discogs_sync_400",
      "provider": "provider[\"registry.terraform.io/hashicorp/aws\"]",
      "instances": [
        {
          "schema_version": 0,
          "attributes": {
            "http_method": "GET",
            "id": "agmr-vapshnrmeh-ymlhwh-GET-400",
            "resource_id": "ymlhwh",
            "response_models": {},
            "response_parameters": {},
            "rest_api_id": "vapshnrmeh",
            "status_code": "400"
          },
          "sensitive_attributes": [],
          "private": "bnVsbA==",
          "dependencies": [
            "aws_api_gateway_authorizer.waxmatch",
            "aws_api_gateway_method.discogs_sync",
            "aws_api_gateway_resource.discogs",
            "aws_api_gateway_resource.discogs_collections",
            "aws_api_gateway_resource.discogs_sync",
            "aws_api_gateway_rest_api.waxmatch",
            "data.aws_cognito_user_pools.waxmatch"
          ]
        }
      ]
    },
    {
      "mode": "managed",
      "type": "aws_api_gateway_resource",
      "name": "discogs",
      "provider": "provider[\"registry.terraform.io/hashicorp/aws\"]",
      "instances": [
        {
          "schema_version": 0,
          "attributes": {
            "id": "2r4aex",
            "parent_id": "ovl29a8qe2",
            "path": "/discogs",
            "path_part": "discogs",
            "rest_api_id": "vapshnrmeh"
          },
          "sensitive_attributes": [],
          "private": "bnVsbA==",
          "dependencies": [
            "aws_api_gateway_rest_api.waxmatch"
          ]
        }
      ]
    },
    {
      "mode": "managed",
      "type": "aws_api_gateway_resource",
      "name": "discogs_auth",
      "provider": "provider[\"registry.terraform.io/hashicorp/aws\"]",
      "instances": [
        {
          "schema_version": 0,
          "attributes": {
            "id": "316ger",
            "parent_id": "2r4aex",
            "path": "/discogs/auth",
            "path_part": "auth",
            "rest_api_id": "vapshnrmeh"
          },
          "sensitive_attributes": [],
          "private": "bnVsbA==",
          "dependencies": [
            "aws_api_gateway_resource.discogs",
            "aws_api_gateway_rest_api.waxmatch"
          ]
        }
      ]
    },
    {
      "mode": "managed",
      "type": "aws_api_gateway_resource",
      "name": "discogs_auth_access_token",
      "provider": "provider[\"registry.terraform.io/hashicorp/aws\"]",
      "instances": [
        {
          "schema_version": 0,
          "attributes": {
            "id": "9pxxrk",
            "parent_id": "316ger",
            "path": "/discogs/auth/access-token",
            "path_part": "access-token",
            "rest_api_id": "vapshnrmeh"
          },
          "sensitive_attributes": [],
          "private": "bnVsbA==",
          "dependencies": [
            "aws_api_gateway_resource.discogs",
            "aws_api_gateway_resource.discogs_auth",
            "aws_api_gateway_rest_api.waxmatch"
          ]
        }
      ]
    },
    {
      "mode": "managed",
      "type": "aws_api_gateway_resource",
      "name": "discogs_auth_request_token",
      "provider": "provider[\"registry.terraform.io/hashicorp/aws\"]",
      "instances": [
        {
          "schema_version": 0,
          "attributes": {
            "id": "s2u8r6",
            "parent_id": "316ger",
            "path": "/discogs/auth/request-token",
            "path_part": "request-token",
            "rest_api_id": "vapshnrmeh"
          },
          "sensitive_attributes": [],
          "private": "bnVsbA==",
          "dependencies": [
            "aws_api_gateway_resource.discogs",
            "aws_api_gateway_resource.discogs_auth",
            "aws_api_gateway_rest_api.waxmatch"
          ]
        }
      ]
    },
    {
      "mode": "managed",
      "type": "aws_api_gateway_resource",
      "name": "discogs_collection_releases",
      "provider": "provider[\"registry.terraform.io/hashicorp/aws\"]",
      "instances": [
        {
          "schema_version": 0,
          "attributes": {
            "id": "01mgkr",
            "parent_id": "6c4yyi",
            "path": "/discogs/collections/releases",
            "path_part": "releases",
            "rest_api_id": "vapshnrmeh"
          },
          "sensitive_attributes": [],
          "private": "bnVsbA==",
          "dependencies": [
            "aws_api_gateway_resource.discogs",
            "aws_api_gateway_resource.discogs_collections",
            "aws_api_gateway_rest_api.waxmatch"
          ]
        }
      ]
    },
    {
      "mode": "managed",
      "type": "aws_api_gateway_resource",
      "name": "discogs_collections",
      "provider": "provider[\"registry.terraform.io/hashicorp/aws\"]",
      "instances": [
        {
          "schema_version": 0,
          "attributes": {
            "id": "6c4yyi",
            "parent_id": "2r4aex",
            "path": "/discogs/collections",
            "path_part": "collections",
            "rest_api_id": "vapshnrmeh"
          },
          "sensitive_attributes": [],
          "private": "bnVsbA==",
          "dependencies": [
            "aws_api_gateway_resource.discogs",
            "aws_api_gateway_rest_api.waxmatch"
          ]
        }
      ]
    },
    {
      "mode": "managed",
      "type": "aws_api_gateway_resource",
      "name": "discogs_identity",
      "provider": "provider[\"registry.terraform.io/hashicorp/aws\"]",
      "instances": [
        {
          "schema_version": 0,
          "attributes": {
            "id": "n9bmft",
            "parent_id": "2r4aex",
            "path": "/discogs/identity",
            "path_part": "identity",
            "rest_api_id": "vapshnrmeh"
          },
          "sensitive_attributes": [],
          "private": "bnVsbA==",
          "dependencies": [
            "aws_api_gateway_resource.discogs",
            "aws_api_gateway_rest_api.waxmatch"
          ]
        }
      ]
    },
    {
      "mode": "managed",
      "type": "aws_api_gateway_resource",
      "name": "discogs_sync",
      "provider": "provider[\"registry.terraform.io/hashicorp/aws\"]",
      "instances": [
        {
          "schema_version": 0,
          "attributes": {
            "id": "ymlhwh",
            "parent_id": "6c4yyi",
            "path": "/discogs/collections/sync",
            "path_part": "sync",
            "rest_api_id": "vapshnrmeh"
          },
          "sensitive_attributes": [],
          "private": "bnVsbA==",
          "dependencies": [
            "aws_api_gateway_resource.discogs",
            "aws_api_gateway_resource.discogs_collections",
            "aws_api_gateway_rest_api.waxmatch"
          ]
        }
      ]
    },
    {
      "mode": "managed",
      "type": "aws_api_gateway_rest_api",
      "name": "waxmatch",
      "provider": "provider[\"registry.terraform.io/hashicorp/aws\"]",
      "instances": [
        {
          "schema_version": 0,
          "attributes": {
            "api_key_source": "HEADER",
            "arn": "arn:aws:apigateway:us-east-1::/restapis/vapshnrmeh",
            "binary_media_types": [],
            "body": null,
            "created_date": "2023-08-21T02:00:47Z",
            "description": "",
            "disable_execute_api_endpoint": false,
            "endpoint_configuration": [
              {
                "types": [
                  "REGIONAL"
                ],
                "vpc_endpoint_ids": []
              }
            ],
            "execution_arn": "arn:aws:execute-api:us-east-1:320251086690:vapshnrmeh",
            "fail_on_warnings": null,
            "id": "vapshnrmeh",
            "minimum_compression_size": -1,
            "name": "WaxMatchAPI",
            "parameters": null,
            "policy": "{\"Version\":\"2012-10-17\",\"Statement\":[{\"Sid\":\"assumerole\",\"Effect\":\"Allow\",\"Principal\":{\"Service\":\"apigateway.amazonaws.com\"},\"Action\":\"sts:AssumeRole\"},{\"Effect\":\"Allow\",\"Principal\":\"*\",\"Action\":\"execute-api:Invoke\",\"Resource\":\"arn:aws:execute-api:us-east-1:320251086690:vapshnrmeh/*\"}]}",
            "put_rest_api_mode": null,
            "root_resource_id": "ovl29a8qe2",
            "tags": {},
            "tags_all": {}
          },
          "sensitive_attributes": [],
          "private": "bnVsbA==",
          "create_before_destroy": true
        }
      ]
    },
    {
      "mode": "managed",
      "type": "aws_api_gateway_rest_api_policy",
      "name": "waxmatch",
      "provider": "provider[\"registry.terraform.io/hashicorp/aws\"]",
      "instances": [
        {
          "schema_version": 0,
          "attributes": {
            "id": "vapshnrmeh",
            "policy": "{\"Version\":\"2012-10-17\",\"Statement\":[{\"Sid\":\"assumerole\",\"Effect\":\"Allow\",\"Principal\":{\"Service\":\"apigateway.amazonaws.com\"},\"Action\":\"sts:AssumeRole\"},{\"Effect\":\"Allow\",\"Principal\":\"*\",\"Action\":\"execute-api:Invoke\",\"Resource\":\"arn:aws:execute-api:us-east-1:320251086690:vapshnrmeh/*\"}]}",
            "rest_api_id": "vapshnrmeh"
          },
          "sensitive_attributes": [],
          "private": "bnVsbA==",
          "dependencies": [
            "aws_api_gateway_rest_api.waxmatch"
          ]
        }
      ]
    },
    {
      "mode": "managed",
      "type": "aws_api_gateway_stage",
      "name": "waxmatch",
      "provider": "provider[\"registry.terraform.io/hashicorp/aws\"]",
      "instances": [
        {
          "schema_version": 0,
          "attributes": {
            "access_log_settings": [],
            "arn": "arn:aws:apigateway:us-east-1::/restapis/vapshnrmeh/stages/dev",
            "cache_cluster_enabled": false,
            "cache_cluster_size": "",
            "canary_settings": [],
            "client_certificate_id": "",
            "deployment_id": "nv2vm3",
            "description": "",
            "documentation_version": "",
            "execution_arn": "arn:aws:execute-api:us-east-1:320251086690:vapshnrmeh/dev",
            "id": "ags-vapshnrmeh-dev",
            "invoke_url": "https://vapshnrmeh.execute-api.us-east-1.amazonaws.com/dev",
            "rest_api_id": "vapshnrmeh",
            "stage_name": "dev",
            "tags": {},
            "tags_all": {},
            "variables": {},
            "web_acl_arn": "",
            "xray_tracing_enabled": false
          },
          "sensitive_attributes": [],
          "private": "bnVsbA==",
          "dependencies": [
            "aws_api_gateway_deployment.waxmatch",
            "aws_api_gateway_rest_api.waxmatch"
          ]
        }
      ]
    },
    {
      "mode": "managed",
      "type": "aws_cloudwatch_log_group",
      "name": "discogs_lambdas",
      "provider": "provider[\"registry.terraform.io/hashicorp/aws\"]",
      "instances": [
        {
          "index_key": "discogs-access-token",
          "schema_version": 0,
          "attributes": {
            "arn": "arn:aws:logs:us-east-1:320251086690:log-group:/aws/lambda/discogs-access-token",
            "id": "/aws/lambda/discogs-access-token",
            "kms_key_id": "",
            "name": "/aws/lambda/discogs-access-token",
            "name_prefix": "",
            "retention_in_days": 14,
            "skip_destroy": false,
            "tags": {},
            "tags_all": {}
          },
          "sensitive_attributes": [],
          "private": "bnVsbA=="
        },
        {
          "index_key": "discogs-get-all-collection-releases",
          "schema_version": 0,
          "attributes": {
            "arn": "arn:aws:logs:us-east-1:320251086690:log-group:/aws/lambda/discogs-get-all-collection-releases",
            "id": "/aws/lambda/discogs-get-all-collection-releases",
            "kms_key_id": "",
            "name": "/aws/lambda/discogs-get-all-collection-releases",
            "name_prefix": "",
            "retention_in_days": 14,
            "skip_destroy": false,
            "tags": {},
            "tags_all": {}
          },
          "sensitive_attributes": [],
          "private": "bnVsbA=="
        },
        {
          "index_key": "discogs-get-collection-releases",
          "schema_version": 0,
          "attributes": {
            "arn": "arn:aws:logs:us-east-1:320251086690:log-group:/aws/lambda/discogs-get-collection-releases",
            "id": "/aws/lambda/discogs-get-collection-releases",
            "kms_key_id": "",
            "name": "/aws/lambda/discogs-get-collection-releases",
            "name_prefix": "",
            "retention_in_days": 14,
            "skip_destroy": false,
            "tags": {},
            "tags_all": {}
          },
          "sensitive_attributes": [],
          "private": "bnVsbA=="
        },
        {
          "index_key": "discogs-identity",
          "schema_version": 0,
          "attributes": {
            "arn": "arn:aws:logs:us-east-1:320251086690:log-group:/aws/lambda/discogs-identity",
            "id": "/aws/lambda/discogs-identity",
            "kms_key_id": "",
            "name": "/aws/lambda/discogs-identity",
            "name_prefix": "",
            "retention_in_days": 14,
            "skip_destroy": false,
            "tags": {},
            "tags_all": {}
          },
          "sensitive_attributes": [],
          "private": "bnVsbA=="
        },
        {
          "index_key": "discogs-request-token",
          "schema_version": 0,
          "attributes": {
            "arn": "arn:aws:logs:us-east-1:320251086690:log-group:/aws/lambda/discogs-request-token",
            "id": "/aws/lambda/discogs-request-token",
            "kms_key_id": "",
            "name": "/aws/lambda/discogs-request-token",
            "name_prefix": "",
            "retention_in_days": 14,
            "skip_destroy": false,
            "tags": {},
            "tags_all": {}
          },
          "sensitive_attributes": [],
          "private": "bnVsbA=="
        },
        {
          "index_key": "song-processor",
          "schema_version": 0,
          "attributes": {
            "arn": "arn:aws:logs:us-east-1:320251086690:log-group:/aws/lambda/song-processor",
            "id": "/aws/lambda/song-processor",
            "kms_key_id": "",
            "name": "/aws/lambda/song-processor",
            "name_prefix": "",
            "retention_in_days": 14,
            "skip_destroy": false,
            "tags": {},
            "tags_all": {}
          },
          "sensitive_attributes": [],
          "private": "bnVsbA=="
        }
      ]
    },
    {
      "mode": "managed",
      "type": "aws_iam_policy",
      "name": "recieve_sqs_messages_lambda_policy",
      "provider": "provider[\"registry.terraform.io/hashicorp/aws\"]",
      "instances": [
        {
          "schema_version": 0,
          "attributes": {
            "arn": "arn:aws:iam::320251086690:policy/recieve-sqs-messages-lambda-policy",
            "description": "IAM policy for recieving messsages from a queue",
            "id": "arn:aws:iam::320251086690:policy/recieve-sqs-messages-lambda-policy",
            "name": "recieve-sqs-messages-lambda-policy",
            "name_prefix": "",
            "path": "/",
            "policy": "{\"Statement\":[{\"Action\":[\"sqs:ReceiveMessage\",\"sqs:GetQueueAttributes\",\"sqs:DeleteMessage\"],\"Effect\":\"Allow\",\"Resource\":\"arn:aws:sqs:us-east-1:320251086690:song-processor\",\"Sid\":\"\"}],\"Version\":\"2012-10-17\"}",
            "policy_id": "ANPAUVEDTY5RA7RA7A5GA",
            "tags": {},
            "tags_all": {}
          },
          "sensitive_attributes": [],
          "private": "bnVsbA==",
          "dependencies": [
            "aws_sqs_queue.song_processor",
            "data.aws_iam_policy_document.recieve_sqs_messages_lambda_policy"
          ]
        }
      ]
    },
    {
      "mode": "managed",
      "type": "aws_iam_policy",
      "name": "send_sqs_messages_lambda_policy",
      "provider": "provider[\"registry.terraform.io/hashicorp/aws\"]",
      "instances": [
        {
          "schema_version": 0,
          "attributes": {
            "arn": "arn:aws:iam::320251086690:policy/send-sqs-messages-lambda-policy",
            "description": "IAM policy for sending messages to a queue",
            "id": "arn:aws:iam::320251086690:policy/send-sqs-messages-lambda-policy",
            "name": "send-sqs-messages-lambda-policy",
            "name_prefix": "",
            "path": "/",
            "policy": "{\"Statement\":[{\"Action\":\"sqs:SendMessage\",\"Effect\":\"Allow\",\"Resource\":\"arn:aws:sqs:us-east-1:320251086690:song-processor\",\"Sid\":\"\"}],\"Version\":\"2012-10-17\"}",
            "policy_id": "ANPAUVEDTY5RJKRJZ7A5Y",
            "tags": {},
            "tags_all": {}
          },
          "sensitive_attributes": [],
          "private": "bnVsbA==",
          "dependencies": [
            "aws_sqs_queue.song_processor",
            "data.aws_iam_policy_document.send_sqs_messages_lambda_policy"
          ]
        }
      ]
    },
    {
      "mode": "managed",
      "type": "aws_iam_role",
      "name": "discogs_lambdas",
      "provider": "provider[\"registry.terraform.io/hashicorp/aws\"]",
      "instances": [
        {
          "index_key": "discogs-access-token",
          "schema_version": 0,
          "attributes": {
            "arn": "arn:aws:iam::320251086690:role/discogs-access-token-lambda-role",
            "assume_role_policy": "{\"Statement\":[{\"Action\":\"sts:AssumeRole\",\"Effect\":\"Allow\",\"Principal\":{\"Service\":\"lambda.amazonaws.com\"},\"Sid\":\"\"}],\"Version\":\"2012-10-17\"}",
            "create_date": "2023-05-23T05:34:19Z",
            "description": "",
            "force_detach_policies": false,
            "id": "discogs-access-token-lambda-role",
            "inline_policy": [],
            "managed_policy_arns": [],
            "max_session_duration": 3600,
            "name": "discogs-access-token-lambda-role",
            "name_prefix": "",
            "path": "/",
            "permissions_boundary": null,
            "role_last_used": [
              {
                "last_used_date": "2023-09-09T02:30:13Z",
                "region": "us-east-1"
              }
            ],
            "tags": {},
            "tags_all": {},
            "unique_id": "AROAUVEDTY5RCXYPRB524"
          },
          "sensitive_attributes": [],
          "private": "bnVsbA==",
          "dependencies": [
            "data.aws_iam_policy_document.assume_role"
          ]
        },
        {
          "index_key": "discogs-get-all-collection-releases",
          "schema_version": 0,
          "attributes": {
            "arn": "arn:aws:iam::320251086690:role/discogs-get-all-collection-releases-lambda-role",
            "assume_role_policy": "{\"Statement\":[{\"Action\":\"sts:AssumeRole\",\"Effect\":\"Allow\",\"Principal\":{\"Service\":\"lambda.amazonaws.com\"},\"Sid\":\"\"}],\"Version\":\"2012-10-17\"}",
            "create_date": "2023-09-09T07:23:28Z",
            "description": "",
            "force_detach_policies": false,
            "id": "discogs-get-all-collection-releases-lambda-role",
            "inline_policy": [],
            "managed_policy_arns": [
              "arn:aws:iam::320251086690:policy/send-sqs-messages-lambda-policy"
            ],
            "max_session_duration": 3600,
            "name": "discogs-get-all-collection-releases-lambda-role",
            "name_prefix": "",
            "path": "/",
            "permissions_boundary": null,
            "role_last_used": [
              {
                "last_used_date": "2023-09-09T21:10:44Z",
                "region": "us-east-1"
              }
            ],
            "tags": {},
            "tags_all": {},
            "unique_id": "AROAUVEDTY5RBCBO3TNF6"
          },
          "sensitive_attributes": [],
          "private": "bnVsbA==",
          "dependencies": [
            "data.aws_iam_policy_document.assume_role"
          ]
        },
        {
          "index_key": "discogs-get-collection-releases",
          "schema_version": 0,
          "attributes": {
            "arn": "arn:aws:iam::320251086690:role/discogs-get-collection-releases-lambda-role",
            "assume_role_policy": "{\"Statement\":[{\"Action\":\"sts:AssumeRole\",\"Effect\":\"Allow\",\"Principal\":{\"Service\":\"lambda.amazonaws.com\"},\"Sid\":\"\"}],\"Version\":\"2012-10-17\"}",
            "create_date": "2023-09-07T21:20:02Z",
            "description": "",
            "force_detach_policies": false,
            "id": "discogs-get-collection-releases-lambda-role",
            "inline_policy": [],
            "managed_policy_arns": [],
            "max_session_duration": 3600,
            "name": "discogs-get-collection-releases-lambda-role",
            "name_prefix": "",
            "path": "/",
            "permissions_boundary": null,
            "role_last_used": [
              {
                "last_used_date": "2023-09-09T21:11:25Z",
                "region": "us-east-1"
              }
            ],
            "tags": {},
            "tags_all": {},
            "unique_id": "AROAUVEDTY5RN5C4CTXPZ"
          },
          "sensitive_attributes": [],
          "private": "bnVsbA==",
          "dependencies": [
            "data.aws_iam_policy_document.assume_role"
          ]
        },
        {
          "index_key": "discogs-identity",
          "schema_version": 0,
          "attributes": {
            "arn": "arn:aws:iam::320251086690:role/discogs-identity-lambda-role",
            "assume_role_policy": "{\"Statement\":[{\"Action\":\"sts:AssumeRole\",\"Effect\":\"Allow\",\"Principal\":{\"Service\":\"lambda.amazonaws.com\"},\"Sid\":\"\"}],\"Version\":\"2012-10-17\"}",
            "create_date": "2023-09-06T00:59:40Z",
            "description": "",
            "force_detach_policies": false,
            "id": "discogs-identity-lambda-role",
            "inline_policy": [],
            "managed_policy_arns": [],
            "max_session_duration": 3600,
            "name": "discogs-identity-lambda-role",
            "name_prefix": "",
            "path": "/",
            "permissions_boundary": null,
            "role_last_used": [
              {
                "last_used_date": "2023-09-09T21:11:25Z",
                "region": "us-east-1"
              }
            ],
            "tags": {},
            "tags_all": {},
            "unique_id": "AROAUVEDTY5RAVMJ3THVY"
          },
          "sensitive_attributes": [],
          "private": "bnVsbA==",
          "dependencies": [
            "data.aws_iam_policy_document.assume_role"
          ]
        },
        {
          "index_key": "discogs-request-token",
          "schema_version": 0,
          "attributes": {
            "arn": "arn:aws:iam::320251086690:role/discogs-request-token-lambda-role",
            "assume_role_policy": "{\"Statement\":[{\"Action\":\"sts:AssumeRole\",\"Effect\":\"Allow\",\"Principal\":{\"Service\":\"lambda.amazonaws.com\"},\"Sid\":\"\"}],\"Version\":\"2012-10-17\"}",
            "create_date": "2023-05-23T05:34:19Z",
            "description": "",
            "force_detach_policies": false,
            "id": "discogs-request-token-lambda-role",
            "inline_policy": [],
            "managed_policy_arns": [],
            "max_session_duration": 3600,
            "name": "discogs-request-token-lambda-role",
            "name_prefix": "",
            "path": "/",
            "permissions_boundary": null,
            "role_last_used": [
              {
                "last_used_date": "2023-09-09T02:30:06Z",
                "region": "us-east-1"
              }
            ],
            "tags": {},
            "tags_all": {},
            "unique_id": "AROAUVEDTY5RCP7C25E7E"
          },
          "sensitive_attributes": [],
          "private": "bnVsbA==",
          "dependencies": [
            "data.aws_iam_policy_document.assume_role"
          ]
        },
        {
          "index_key": "song-processor",
          "schema_version": 0,
          "attributes": {
            "arn": "arn:aws:iam::320251086690:role/song-processor-lambda-role",
            "assume_role_policy": "{\"Statement\":[{\"Action\":\"sts:AssumeRole\",\"Effect\":\"Allow\",\"Principal\":{\"Service\":\"lambda.amazonaws.com\"},\"Sid\":\"\"}],\"Version\":\"2012-10-17\"}",
            "create_date": "2023-09-09T07:23:28Z",
            "description": "",
            "force_detach_policies": false,
            "id": "song-processor-lambda-role",
            "inline_policy": [],
            "managed_policy_arns": [
              "arn:aws:iam::320251086690:policy/recieve-sqs-messages-lambda-policy"
            ],
            "max_session_duration": 3600,
            "name": "song-processor-lambda-role",
            "name_prefix": "",
            "path": "/",
            "permissions_boundary": null,
            "role_last_used": [
              {
                "last_used_date": "2023-09-15T20:54:33Z",
                "region": "us-east-1"
              }
            ],
            "tags": {},
            "tags_all": {},
            "unique_id": "AROAUVEDTY5RJYV5RGBKP"
          },
          "sensitive_attributes": [],
          "private": "bnVsbA==",
          "dependencies": [
            "data.aws_iam_policy_document.assume_role"
          ]
        }
      ]
    },
    {
      "mode": "managed",
      "type": "aws_iam_role_policy_attachment",
      "name": "recieve_sqs_messages_lambda_policy",
      "provider": "provider[\"registry.terraform.io/hashicorp/aws\"]",
      "instances": [
        {
          "schema_version": 0,
          "attributes": {
            "id": "song-processor-lambda-role-20230909222618231700000001",
            "policy_arn": "arn:aws:iam::320251086690:policy/recieve-sqs-messages-lambda-policy",
            "role": "song-processor-lambda-role"
          },
          "sensitive_attributes": [],
          "private": "bnVsbA==",
          "dependencies": [
            "aws_iam_policy.recieve_sqs_messages_lambda_policy",
            "aws_iam_role.discogs_lambdas",
            "aws_sqs_queue.song_processor",
            "data.aws_iam_policy_document.assume_role",
            "data.aws_iam_policy_document.recieve_sqs_messages_lambda_policy"
          ]
        }
      ]
    },
    {
      "mode": "managed",
      "type": "aws_iam_role_policy_attachment",
      "name": "send_sqs_messages_lambda_policy",
      "provider": "provider[\"registry.terraform.io/hashicorp/aws\"]",
      "instances": [
        {
          "schema_version": 0,
          "attributes": {
            "id": "discogs-get-all-collection-releases-lambda-role-20230909222618321300000002",
            "policy_arn": "arn:aws:iam::320251086690:policy/send-sqs-messages-lambda-policy",
            "role": "discogs-get-all-collection-releases-lambda-role"
          },
          "sensitive_attributes": [],
          "private": "bnVsbA==",
          "dependencies": [
            "aws_iam_policy.send_sqs_messages_lambda_policy",
            "aws_iam_role.discogs_lambdas",
            "aws_sqs_queue.song_processor",
            "data.aws_iam_policy_document.assume_role",
            "data.aws_iam_policy_document.send_sqs_messages_lambda_policy"
          ]
        }
      ]
    },
    {
      "mode": "managed",
      "type": "aws_lambda_event_source_mapping",
      "name": "song_processor",
      "provider": "provider[\"registry.terraform.io/hashicorp/aws\"]",
      "instances": [
        {
          "schema_version": 0,
          "attributes": {
            "amazon_managed_kafka_event_source_config": [],
            "batch_size": 10,
            "bisect_batch_on_function_error": false,
            "destination_config": [],
            "document_db_event_source_config": [],
            "enabled": true,
            "event_source_arn": "arn:aws:sqs:us-east-1:320251086690:song-processor",
            "filter_criteria": [],
            "function_arn": "arn:aws:lambda:us-east-1:320251086690:function:song-processor",
            "function_name": "arn:aws:lambda:us-east-1:320251086690:function:song-processor",
            "function_response_types": [],
            "id": "6130ea29-a8a7-433a-9d7d-7904c339dc9f",
            "last_modified": "2023-09-09T22:43:26Z",
            "last_processing_result": "",
            "maximum_batching_window_in_seconds": 0,
            "maximum_record_age_in_seconds": 0,
            "maximum_retry_attempts": 0,
            "parallelization_factor": 0,
            "queues": [],
            "scaling_config": [],
            "self_managed_event_source": [],
            "self_managed_kafka_event_source_config": [],
            "source_access_configuration": [],
            "starting_position": "",
            "starting_position_timestamp": "",
            "state": "Enabled",
            "state_transition_reason": "USER_INITIATED",
            "topics": [],
            "tumbling_window_in_seconds": 0,
            "uuid": "6130ea29-a8a7-433a-9d7d-7904c339dc9f"
          },
          "sensitive_attributes": [],
          "private": "bnVsbA==",
          "dependencies": [
            "aws_iam_role.discogs_lambdas",
            "aws_lambda_function.discogs_lambdas",
            "aws_sqs_queue.song_processor",
            "data.aws_iam_policy_document.assume_role",
            "data.aws_secretsmanager_secret.discogs_consumer_key",
            "data.aws_secretsmanager_secret.discogs_consumer_secret",
            "data.aws_secretsmanager_secret.spotify_token",
            "data.aws_secretsmanager_secret_version.discogs_consumer_key",
            "data.aws_secretsmanager_secret_version.discogs_consumer_secret",
            "data.aws_secretsmanager_secret_version.spotify_token"
          ]
        }
      ]
    },
    {
      "mode": "managed",
      "type": "aws_lambda_function",
      "name": "discogs_lambdas",
      "provider": "provider[\"registry.terraform.io/hashicorp/aws\"]",
      "instances": [
        {
          "index_key": "discogs-access-token",
          "schema_version": 0,
          "attributes": {
            "architectures": [
              "x86_64"
            ],
            "arn": "arn:aws:lambda:us-east-1:320251086690:function:discogs-access-token",
            "code_signing_config_arn": "",
            "dead_letter_config": [],
            "description": "",
            "environment": [
              {
                "variables": {
                  "consumer_key": "cSEVasAULfmxVEdBvYDv",
                  "consumer_secret": "yWebcILkcndvLQDMbQoPOaVSuihhLmzs",
                  "song_processor_queue_url": "https://sqs.us-east-1.amazonaws.com/320251086690/song-processor",
                  "spotify_client_is": "18270a51a8df44878a7f773f7dcfc487",
                  "spotify_client_secret": "8dcca1887c8840cfa48b671a768de0f1"
                }
              }
            ],
            "ephemeral_storage": [
              {
                "size": 512
              }
            ],
            "file_system_config": [],
            "filename": "./build-artifacts/discogs-access-token.zip",
            "function_name": "discogs-access-token",
            "handler": "index.handler",
            "id": "discogs-access-token",
            "image_config": [],
            "image_uri": "",
            "invoke_arn": "arn:aws:apigateway:us-east-1:lambda:path/2015-03-31/functions/arn:aws:lambda:us-east-1:320251086690:function:discogs-access-token/invocations",
            "kms_key_arn": "",
            "last_modified": "2023-09-15T21:30:49.000+0000",
            "layers": [],
            "memory_size": 128,
            "package_type": "Zip",
            "publish": false,
            "qualified_arn": "arn:aws:lambda:us-east-1:320251086690:function:discogs-access-token:$LATEST",
            "qualified_invoke_arn": "arn:aws:apigateway:us-east-1:lambda:path/2015-03-31/functions/arn:aws:lambda:us-east-1:320251086690:function:discogs-access-token:$LATEST/invocations",
            "replace_security_groups_on_destroy": null,
            "replacement_security_group_ids": null,
            "reserved_concurrent_executions": -1,
            "role": "arn:aws:iam::320251086690:role/discogs-access-token-lambda-role",
            "runtime": "nodejs18.x",
            "s3_bucket": null,
            "s3_key": null,
            "s3_object_version": null,
            "signing_job_arn": "",
            "signing_profile_version_arn": "",
            "skip_destroy": false,
            "snap_start": [],
            "source_code_hash": "OmPSp7pbC887P27pcpqeNUGuRYy6ANvYABJQ7p7+Jzw=",
            "source_code_size": 38863024,
            "tags": {},
            "tags_all": {},
            "timeout": 3,
            "timeouts": null,
            "tracing_config": [
              {
                "mode": "PassThrough"
              }
            ],
            "version": "$LATEST",
            "vpc_config": []
          },
          "sensitive_attributes": [
            [
              {
                "type": "get_attr",
                "value": "environment"
              },
              {
                "type": "index",
                "value": {
                  "value": 0,
                  "type": "number"
                }
              },
              {
                "type": "get_attr",
                "value": "variables"
              },
              {
                "type": "index",
                "value": {
                  "value": "consumer_key",
                  "type": "string"
                }
              }
            ],
            [
              {
                "type": "get_attr",
                "value": "environment"
              },
              {
                "type": "index",
                "value": {
                  "value": 0,
                  "type": "number"
                }
              },
              {
                "type": "get_attr",
                "value": "variables"
              },
              {
                "type": "index",
                "value": {
                  "value": "consumer_secret",
                  "type": "string"
                }
              }
            ],
            [
              {
                "type": "get_attr",
                "value": "environment"
              },
              {
                "type": "index",
                "value": {
                  "value": 0,
                  "type": "number"
                }
              },
              {
                "type": "get_attr",
                "value": "variables"
              },
              {
                "type": "index",
                "value": {
                  "value": "spotify_client_is",
                  "type": "string"
                }
              }
            ],
            [
              {
                "type": "get_attr",
                "value": "environment"
              },
              {
                "type": "index",
                "value": {
                  "value": 0,
                  "type": "number"
                }
              },
              {
                "type": "get_attr",
                "value": "variables"
              },
              {
                "type": "index",
                "value": {
                  "value": "spotify_client_secret",
                  "type": "string"
                }
              }
            ]
          ],
          "private": "eyJlMmJmYjczMC1lY2FhLTExZTYtOGY4OC0zNDM2M2JjN2M0YzAiOnsiY3JlYXRlIjo2MDAwMDAwMDAwMDAsImRlbGV0ZSI6NjAwMDAwMDAwMDAwLCJ1cGRhdGUiOjYwMDAwMDAwMDAwMH19",
          "dependencies": [
            "aws_iam_role.discogs_lambdas",
            "aws_sqs_queue.song_processor",
            "data.aws_secretsmanager_secret_version.discogs_consumer_key",
            "data.aws_secretsmanager_secret_version.discogs_consumer_secret",
            "data.aws_secretsmanager_secret_version.spotify_token"
          ]
        },
        {
          "index_key": "discogs-get-all-collection-releases",
          "schema_version": 0,
          "attributes": {
            "architectures": [
              "x86_64"
            ],
            "arn": "arn:aws:lambda:us-east-1:320251086690:function:discogs-get-all-collection-releases",
            "code_signing_config_arn": "",
            "dead_letter_config": [],
            "description": "",
            "environment": [
              {
                "variables": {
                  "consumer_key": "cSEVasAULfmxVEdBvYDv",
                  "consumer_secret": "yWebcILkcndvLQDMbQoPOaVSuihhLmzs",
                  "song_processor_queue_url": "https://sqs.us-east-1.amazonaws.com/320251086690/song-processor",
                  "spotify_client_is": "18270a51a8df44878a7f773f7dcfc487",
                  "spotify_client_secret": "8dcca1887c8840cfa48b671a768de0f1"
                }
              }
            ],
            "ephemeral_storage": [
              {
                "size": 512
              }
            ],
            "file_system_config": [],
            "filename": "./build-artifacts/discogs-get-all-collection-releases.zip",
            "function_name": "discogs-get-all-collection-releases",
            "handler": "index.handler",
            "id": "discogs-get-all-collection-releases",
            "image_config": [],
            "image_uri": "",
            "invoke_arn": "arn:aws:apigateway:us-east-1:lambda:path/2015-03-31/functions/arn:aws:lambda:us-east-1:320251086690:function:discogs-get-all-collection-releases/invocations",
            "kms_key_arn": "",
            "last_modified": "2023-09-15T21:31:54.000+0000",
            "layers": [],
            "memory_size": 128,
            "package_type": "Zip",
            "publish": false,
            "qualified_arn": "arn:aws:lambda:us-east-1:320251086690:function:discogs-get-all-collection-releases:$LATEST",
            "qualified_invoke_arn": "arn:aws:apigateway:us-east-1:lambda:path/2015-03-31/functions/arn:aws:lambda:us-east-1:320251086690:function:discogs-get-all-collection-releases:$LATEST/invocations",
            "replace_security_groups_on_destroy": null,
            "replacement_security_group_ids": null,
            "reserved_concurrent_executions": -1,
            "role": "arn:aws:iam::320251086690:role/discogs-get-all-collection-releases-lambda-role",
            "runtime": "nodejs18.x",
            "s3_bucket": null,
            "s3_key": null,
            "s3_object_version": null,
            "signing_job_arn": "",
            "signing_profile_version_arn": "",
            "skip_destroy": false,
            "snap_start": [],
            "source_code_hash": "v7WpqN71VdEhXOXqtln7J/x7gsnCKhDtX+PVIgEFcOU=",
            "source_code_size": 41679938,
            "tags": {},
            "tags_all": {},
            "timeout": 3,
            "timeouts": null,
            "tracing_config": [
              {
                "mode": "PassThrough"
              }
            ],
            "version": "$LATEST",
            "vpc_config": []
          },
          "sensitive_attributes": [
            [
              {
                "type": "get_attr",
                "value": "environment"
              },
              {
                "type": "index",
                "value": {
                  "value": 0,
                  "type": "number"
                }
              },
              {
                "type": "get_attr",
                "value": "variables"
              },
              {
                "type": "index",
                "value": {
                  "value": "consumer_key",
                  "type": "string"
                }
              }
            ],
            [
              {
                "type": "get_attr",
                "value": "environment"
              },
              {
                "type": "index",
                "value": {
                  "value": 0,
                  "type": "number"
                }
              },
              {
                "type": "get_attr",
                "value": "variables"
              },
              {
                "type": "index",
                "value": {
                  "value": "consumer_secret",
                  "type": "string"
                }
              }
            ],
            [
              {
                "type": "get_attr",
                "value": "environment"
              },
              {
                "type": "index",
                "value": {
                  "value": 0,
                  "type": "number"
                }
              },
              {
                "type": "get_attr",
                "value": "variables"
              },
              {
                "type": "index",
                "value": {
                  "value": "spotify_client_is",
                  "type": "string"
                }
              }
            ],
            [
              {
                "type": "get_attr",
                "value": "environment"
              },
              {
                "type": "index",
                "value": {
                  "value": 0,
                  "type": "number"
                }
              },
              {
                "type": "get_attr",
                "value": "variables"
              },
              {
                "type": "index",
                "value": {
                  "value": "spotify_client_secret",
                  "type": "string"
                }
              }
            ]
          ],
          "private": "eyJlMmJmYjczMC1lY2FhLTExZTYtOGY4OC0zNDM2M2JjN2M0YzAiOnsiY3JlYXRlIjo2MDAwMDAwMDAwMDAsImRlbGV0ZSI6NjAwMDAwMDAwMDAwLCJ1cGRhdGUiOjYwMDAwMDAwMDAwMH19",
          "dependencies": [
            "aws_iam_role.discogs_lambdas",
            "aws_sqs_queue.song_processor",
            "data.aws_secretsmanager_secret_version.discogs_consumer_key",
            "data.aws_secretsmanager_secret_version.discogs_consumer_secret",
            "data.aws_secretsmanager_secret_version.spotify_token"
          ]
        },
        {
          "index_key": "discogs-get-collection-releases",
          "schema_version": 0,
          "attributes": {
            "architectures": [
              "x86_64"
            ],
            "arn": "arn:aws:lambda:us-east-1:320251086690:function:discogs-get-collection-releases",
            "code_signing_config_arn": "",
            "dead_letter_config": [],
            "description": "",
            "environment": [
              {
                "variables": {
                  "consumer_key": "cSEVasAULfmxVEdBvYDv",
                  "consumer_secret": "yWebcILkcndvLQDMbQoPOaVSuihhLmzs",
                  "song_processor_queue_url": "https://sqs.us-east-1.amazonaws.com/320251086690/song-processor",
                  "spotify_client_is": "18270a51a8df44878a7f773f7dcfc487",
                  "spotify_client_secret": "8dcca1887c8840cfa48b671a768de0f1"
                }
              }
            ],
            "ephemeral_storage": [
              {
                "size": 512
              }
            ],
            "file_system_config": [],
            "filename": "./build-artifacts/discogs-get-collection-releases.zip",
            "function_name": "discogs-get-collection-releases",
            "handler": "index.handler",
            "id": "discogs-get-collection-releases",
            "image_config": [],
            "image_uri": "",
            "invoke_arn": "arn:aws:apigateway:us-east-1:lambda:path/2015-03-31/functions/arn:aws:lambda:us-east-1:320251086690:function:discogs-get-collection-releases/invocations",
            "kms_key_arn": "",
            "last_modified": "2023-09-15T21:29:07.000+0000",
            "layers": [],
            "memory_size": 128,
            "package_type": "Zip",
            "publish": false,
            "qualified_arn": "arn:aws:lambda:us-east-1:320251086690:function:discogs-get-collection-releases:$LATEST",
            "qualified_invoke_arn": "arn:aws:apigateway:us-east-1:lambda:path/2015-03-31/functions/arn:aws:lambda:us-east-1:320251086690:function:discogs-get-collection-releases:$LATEST/invocations",
            "replace_security_groups_on_destroy": null,
            "replacement_security_group_ids": null,
            "reserved_concurrent_executions": -1,
            "role": "arn:aws:iam::320251086690:role/discogs-get-collection-releases-lambda-role",
            "runtime": "nodejs18.x",
            "s3_bucket": null,
            "s3_key": null,
            "s3_object_version": null,
            "signing_job_arn": "",
            "signing_profile_version_arn": "",
            "skip_destroy": false,
            "snap_start": [],
            "source_code_hash": "14BJ1HoHwlwgGLz8Vc96+nh/65VS4cVU7zK+koYOc0k=",
            "source_code_size": 38862969,
            "tags": {},
            "tags_all": {},
            "timeout": 3,
            "timeouts": null,
            "tracing_config": [
              {
                "mode": "PassThrough"
              }
            ],
            "version": "$LATEST",
            "vpc_config": []
          },
          "sensitive_attributes": [
            [
              {
                "type": "get_attr",
                "value": "environment"
              },
              {
                "type": "index",
                "value": {
                  "value": 0,
                  "type": "number"
                }
              },
              {
                "type": "get_attr",
                "value": "variables"
              },
              {
                "type": "index",
                "value": {
                  "value": "consumer_key",
                  "type": "string"
                }
              }
            ],
            [
              {
                "type": "get_attr",
                "value": "environment"
              },
              {
                "type": "index",
                "value": {
                  "value": 0,
                  "type": "number"
                }
              },
              {
                "type": "get_attr",
                "value": "variables"
              },
              {
                "type": "index",
                "value": {
                  "value": "consumer_secret",
                  "type": "string"
                }
              }
            ],
            [
              {
                "type": "get_attr",
                "value": "environment"
              },
              {
                "type": "index",
                "value": {
                  "value": 0,
                  "type": "number"
                }
              },
              {
                "type": "get_attr",
                "value": "variables"
              },
              {
                "type": "index",
                "value": {
                  "value": "spotify_client_is",
                  "type": "string"
                }
              }
            ],
            [
              {
                "type": "get_attr",
                "value": "environment"
              },
              {
                "type": "index",
                "value": {
                  "value": 0,
                  "type": "number"
                }
              },
              {
                "type": "get_attr",
                "value": "variables"
              },
              {
                "type": "index",
                "value": {
                  "value": "spotify_client_secret",
                  "type": "string"
                }
              }
            ]
          ],
          "private": "eyJlMmJmYjczMC1lY2FhLTExZTYtOGY4OC0zNDM2M2JjN2M0YzAiOnsiY3JlYXRlIjo2MDAwMDAwMDAwMDAsImRlbGV0ZSI6NjAwMDAwMDAwMDAwLCJ1cGRhdGUiOjYwMDAwMDAwMDAwMH19",
          "dependencies": [
            "aws_iam_role.discogs_lambdas",
            "aws_sqs_queue.song_processor",
            "data.aws_secretsmanager_secret_version.discogs_consumer_key",
            "data.aws_secretsmanager_secret_version.discogs_consumer_secret",
            "data.aws_secretsmanager_secret_version.spotify_token"
          ]
        },
        {
          "index_key": "discogs-identity",
          "schema_version": 0,
          "attributes": {
            "architectures": [
              "x86_64"
            ],
            "arn": "arn:aws:lambda:us-east-1:320251086690:function:discogs-identity",
            "code_signing_config_arn": "",
            "dead_letter_config": [],
            "description": "",
            "environment": [
              {
                "variables": {
                  "consumer_key": "cSEVasAULfmxVEdBvYDv",
                  "consumer_secret": "yWebcILkcndvLQDMbQoPOaVSuihhLmzs",
                  "song_processor_queue_url": "https://sqs.us-east-1.amazonaws.com/320251086690/song-processor",
                  "spotify_client_is": "18270a51a8df44878a7f773f7dcfc487",
                  "spotify_client_secret": "8dcca1887c8840cfa48b671a768de0f1"
                }
              }
            ],
            "ephemeral_storage": [
              {
                "size": 512
              }
            ],
            "file_system_config": [],
            "filename": "./build-artifacts/discogs-identity.zip",
            "function_name": "discogs-identity",
            "handler": "index.handler",
            "id": "discogs-identity",
            "image_config": [],
            "image_uri": "",
            "invoke_arn": "arn:aws:apigateway:us-east-1:lambda:path/2015-03-31/functions/arn:aws:lambda:us-east-1:320251086690:function:discogs-identity/invocations",
            "kms_key_arn": "",
            "last_modified": "2023-09-15T21:28:15.000+0000",
            "layers": [],
            "memory_size": 128,
            "package_type": "Zip",
            "publish": false,
            "qualified_arn": "arn:aws:lambda:us-east-1:320251086690:function:discogs-identity:$LATEST",
            "qualified_invoke_arn": "arn:aws:apigateway:us-east-1:lambda:path/2015-03-31/functions/arn:aws:lambda:us-east-1:320251086690:function:discogs-identity:$LATEST/invocations",
            "replace_security_groups_on_destroy": null,
            "replacement_security_group_ids": null,
            "reserved_concurrent_executions": -1,
            "role": "arn:aws:iam::320251086690:role/discogs-identity-lambda-role",
            "runtime": "nodejs18.x",
            "s3_bucket": null,
            "s3_key": null,
            "s3_object_version": null,
            "signing_job_arn": "",
            "signing_profile_version_arn": "",
            "skip_destroy": false,
            "snap_start": [],
            "source_code_hash": "/N9+Sp2TZDVW/ib/DlMXFqnsjc/PMsx+fHwH86o44Ts=",
            "source_code_size": 38862922,
            "tags": {},
            "tags_all": {},
            "timeout": 3,
            "timeouts": null,
            "tracing_config": [
              {
                "mode": "PassThrough"
              }
            ],
            "version": "$LATEST",
            "vpc_config": []
          },
          "sensitive_attributes": [
            [
              {
                "type": "get_attr",
                "value": "environment"
              },
              {
                "type": "index",
                "value": {
                  "value": 0,
                  "type": "number"
                }
              },
              {
                "type": "get_attr",
                "value": "variables"
              },
              {
                "type": "index",
                "value": {
                  "value": "consumer_key",
                  "type": "string"
                }
              }
            ],
            [
              {
                "type": "get_attr",
                "value": "environment"
              },
              {
                "type": "index",
                "value": {
                  "value": 0,
                  "type": "number"
                }
              },
              {
                "type": "get_attr",
                "value": "variables"
              },
              {
                "type": "index",
                "value": {
                  "value": "consumer_secret",
                  "type": "string"
                }
              }
            ],
            [
              {
                "type": "get_attr",
                "value": "environment"
              },
              {
                "type": "index",
                "value": {
                  "value": 0,
                  "type": "number"
                }
              },
              {
                "type": "get_attr",
                "value": "variables"
              },
              {
                "type": "index",
                "value": {
                  "value": "spotify_client_is",
                  "type": "string"
                }
              }
            ],
            [
              {
                "type": "get_attr",
                "value": "environment"
              },
              {
                "type": "index",
                "value": {
                  "value": 0,
                  "type": "number"
                }
              },
              {
                "type": "get_attr",
                "value": "variables"
              },
              {
                "type": "index",
                "value": {
                  "value": "spotify_client_secret",
                  "type": "string"
                }
              }
            ]
          ],
          "private": "eyJlMmJmYjczMC1lY2FhLTExZTYtOGY4OC0zNDM2M2JjN2M0YzAiOnsiY3JlYXRlIjo2MDAwMDAwMDAwMDAsImRlbGV0ZSI6NjAwMDAwMDAwMDAwLCJ1cGRhdGUiOjYwMDAwMDAwMDAwMH19",
          "dependencies": [
            "aws_iam_role.discogs_lambdas",
            "aws_sqs_queue.song_processor",
            "data.aws_secretsmanager_secret_version.discogs_consumer_key",
            "data.aws_secretsmanager_secret_version.discogs_consumer_secret",
            "data.aws_secretsmanager_secret_version.spotify_token"
          ]
        },
        {
          "index_key": "discogs-request-token",
          "schema_version": 0,
          "attributes": {
            "architectures": [
              "x86_64"
            ],
            "arn": "arn:aws:lambda:us-east-1:320251086690:function:discogs-request-token",
            "code_signing_config_arn": "",
            "dead_letter_config": [],
            "description": "",
            "environment": [
              {
                "variables": {
                  "consumer_key": "cSEVasAULfmxVEdBvYDv",
                  "consumer_secret": "yWebcILkcndvLQDMbQoPOaVSuihhLmzs",
                  "song_processor_queue_url": "https://sqs.us-east-1.amazonaws.com/320251086690/song-processor",
                  "spotify_client_is": "18270a51a8df44878a7f773f7dcfc487",
                  "spotify_client_secret": "8dcca1887c8840cfa48b671a768de0f1"
                }
              }
            ],
            "ephemeral_storage": [
              {
                "size": 512
              }
            ],
            "file_system_config": [],
            "filename": "./build-artifacts/discogs-request-token.zip",
            "function_name": "discogs-request-token",
            "handler": "index.handler",
            "id": "discogs-request-token",
            "image_config": [],
            "image_uri": "",
            "invoke_arn": "arn:aws:apigateway:us-east-1:lambda:path/2015-03-31/functions/arn:aws:lambda:us-east-1:320251086690:function:discogs-request-token/invocations",
            "kms_key_arn": "",
            "last_modified": "2023-09-15T21:29:57.000+0000",
            "layers": [],
            "memory_size": 128,
            "package_type": "Zip",
            "publish": false,
            "qualified_arn": "arn:aws:lambda:us-east-1:320251086690:function:discogs-request-token:$LATEST",
            "qualified_invoke_arn": "arn:aws:apigateway:us-east-1:lambda:path/2015-03-31/functions/arn:aws:lambda:us-east-1:320251086690:function:discogs-request-token:$LATEST/invocations",
            "replace_security_groups_on_destroy": null,
            "replacement_security_group_ids": null,
            "reserved_concurrent_executions": -1,
            "role": "arn:aws:iam::320251086690:role/discogs-request-token-lambda-role",
            "runtime": "nodejs18.x",
            "s3_bucket": null,
            "s3_key": null,
            "s3_object_version": null,
            "signing_job_arn": "",
            "signing_profile_version_arn": "",
            "skip_destroy": false,
            "snap_start": [],
            "source_code_hash": "/xTRTsEdykTnOT9JfcMExRJa3gdRJpgE1gJ7LcP6pJQ=",
            "source_code_size": 39735729,
            "tags": {},
            "tags_all": {},
            "timeout": 3,
            "timeouts": null,
            "tracing_config": [
              {
                "mode": "PassThrough"
              }
            ],
            "version": "$LATEST",
            "vpc_config": []
          },
          "sensitive_attributes": [
            [
              {
                "type": "get_attr",
                "value": "environment"
              },
              {
                "type": "index",
                "value": {
                  "value": 0,
                  "type": "number"
                }
              },
              {
                "type": "get_attr",
                "value": "variables"
              },
              {
                "type": "index",
                "value": {
                  "value": "consumer_key",
                  "type": "string"
                }
              }
            ],
            [
              {
                "type": "get_attr",
                "value": "environment"
              },
              {
                "type": "index",
                "value": {
                  "value": 0,
                  "type": "number"
                }
              },
              {
                "type": "get_attr",
                "value": "variables"
              },
              {
                "type": "index",
                "value": {
                  "value": "consumer_secret",
                  "type": "string"
                }
              }
            ],
            [
              {
                "type": "get_attr",
                "value": "environment"
              },
              {
                "type": "index",
                "value": {
                  "value": 0,
                  "type": "number"
                }
              },
              {
                "type": "get_attr",
                "value": "variables"
              },
              {
                "type": "index",
                "value": {
                  "value": "spotify_client_is",
                  "type": "string"
                }
              }
            ],
            [
              {
                "type": "get_attr",
                "value": "environment"
              },
              {
                "type": "index",
                "value": {
                  "value": 0,
                  "type": "number"
                }
              },
              {
                "type": "get_attr",
                "value": "variables"
              },
              {
                "type": "index",
                "value": {
                  "value": "spotify_client_secret",
                  "type": "string"
                }
              }
            ]
          ],
          "private": "eyJlMmJmYjczMC1lY2FhLTExZTYtOGY4OC0zNDM2M2JjN2M0YzAiOnsiY3JlYXRlIjo2MDAwMDAwMDAwMDAsImRlbGV0ZSI6NjAwMDAwMDAwMDAwLCJ1cGRhdGUiOjYwMDAwMDAwMDAwMH19",
          "dependencies": [
            "aws_iam_role.discogs_lambdas",
            "aws_sqs_queue.song_processor",
            "data.aws_secretsmanager_secret_version.discogs_consumer_key",
            "data.aws_secretsmanager_secret_version.discogs_consumer_secret",
            "data.aws_secretsmanager_secret_version.spotify_token"
          ]
        },
        {
          "index_key": "song-processor",
          "schema_version": 0,
          "attributes": {
            "architectures": [
              "x86_64"
            ],
            "arn": "arn:aws:lambda:us-east-1:320251086690:function:song-processor",
            "code_signing_config_arn": "",
            "dead_letter_config": [],
            "description": "",
            "environment": [
              {
                "variables": {
                  "consumer_key": "cSEVasAULfmxVEdBvYDv",
                  "consumer_secret": "yWebcILkcndvLQDMbQoPOaVSuihhLmzs",
                  "song_processor_queue_url": "https://sqs.us-east-1.amazonaws.com/320251086690/song-processor",
                  "spotify_client_is": "18270a51a8df44878a7f773f7dcfc487",
                  "spotify_client_secret": "8dcca1887c8840cfa48b671a768de0f1"
                }
              }
            ],
            "ephemeral_storage": [
              {
                "size": 512
              }
            ],
            "file_system_config": [],
            "filename": "./build-artifacts/song-processor.zip",
            "function_name": "song-processor",
            "handler": "index.handler",
            "id": "song-processor",
            "image_config": [],
            "image_uri": "",
            "invoke_arn": "arn:aws:apigateway:us-east-1:lambda:path/2015-03-31/functions/arn:aws:lambda:us-east-1:320251086690:function:song-processor/invocations",
            "kms_key_arn": "",
            "last_modified": "2023-09-15T21:27:22.000+0000",
            "layers": [],
            "memory_size": 128,
            "package_type": "Zip",
            "publish": false,
            "qualified_arn": "arn:aws:lambda:us-east-1:320251086690:function:song-processor:$LATEST",
            "qualified_invoke_arn": "arn:aws:apigateway:us-east-1:lambda:path/2015-03-31/functions/arn:aws:lambda:us-east-1:320251086690:function:song-processor:$LATEST/invocations",
            "replace_security_groups_on_destroy": null,
            "replacement_security_group_ids": null,
            "reserved_concurrent_executions": -1,
            "role": "arn:aws:iam::320251086690:role/song-processor-lambda-role",
            "runtime": "nodejs18.x",
            "s3_bucket": null,
            "s3_key": null,
            "s3_object_version": null,
            "signing_job_arn": "",
            "signing_profile_version_arn": "",
            "skip_destroy": false,
            "snap_start": [],
            "source_code_hash": "4Mw7fUFeFBcOp3dt5LBNJfKXfZchF8DyHf9qg8Qx7GY=",
            "source_code_size": 25280905,
            "tags": {},
            "tags_all": {},
            "timeout": 3,
            "timeouts": null,
            "tracing_config": [
              {
                "mode": "PassThrough"
              }
            ],
            "version": "$LATEST",
            "vpc_config": []
          },
          "sensitive_attributes": [
            [
              {
                "type": "get_attr",
                "value": "environment"
              },
              {
                "type": "index",
                "value": {
                  "value": 0,
                  "type": "number"
                }
              },
              {
                "type": "get_attr",
                "value": "variables"
              },
              {
                "type": "index",
                "value": {
                  "value": "consumer_key",
                  "type": "string"
                }
              }
            ],
            [
              {
                "type": "get_attr",
                "value": "environment"
              },
              {
                "type": "index",
                "value": {
                  "value": 0,
                  "type": "number"
                }
              },
              {
                "type": "get_attr",
                "value": "variables"
              },
              {
                "type": "index",
                "value": {
                  "value": "consumer_secret",
                  "type": "string"
                }
              }
            ],
            [
              {
                "type": "get_attr",
                "value": "environment"
              },
              {
                "type": "index",
                "value": {
                  "value": 0,
                  "type": "number"
                }
              },
              {
                "type": "get_attr",
                "value": "variables"
              },
              {
                "type": "index",
                "value": {
                  "value": "spotify_client_is",
                  "type": "string"
                }
              }
            ],
            [
              {
                "type": "get_attr",
                "value": "environment"
              },
              {
                "type": "index",
                "value": {
                  "value": 0,
                  "type": "number"
                }
              },
              {
                "type": "get_attr",
                "value": "variables"
              },
              {
                "type": "index",
                "value": {
                  "value": "spotify_client_secret",
                  "type": "string"
                }
              }
            ]
          ],
          "private": "eyJlMmJmYjczMC1lY2FhLTExZTYtOGY4OC0zNDM2M2JjN2M0YzAiOnsiY3JlYXRlIjo2MDAwMDAwMDAwMDAsImRlbGV0ZSI6NjAwMDAwMDAwMDAwLCJ1cGRhdGUiOjYwMDAwMDAwMDAwMH19",
          "dependencies": [
            "aws_iam_role.discogs_lambdas",
            "aws_sqs_queue.song_processor",
            "data.aws_secretsmanager_secret_version.discogs_consumer_key",
            "data.aws_secretsmanager_secret_version.discogs_consumer_secret",
            "data.aws_secretsmanager_secret_version.spotify_token"
          ]
        }
      ]
    },
    {
      "mode": "managed",
      "type": "aws_lambda_permission",
      "name": "discogs_auth_access_token_lambda",
      "provider": "provider[\"registry.terraform.io/hashicorp/aws\"]",
      "instances": [
        {
          "schema_version": 0,
          "attributes": {
            "action": "lambda:InvokeFunction",
            "event_source_token": null,
            "function_name": "discogs-access-token",
            "function_url_auth_type": null,
            "id": "AllowTMGReaddiscogs_authAPIInvoke",
            "principal": "apigateway.amazonaws.com",
            "principal_org_id": null,
            "qualifier": "",
            "source_account": null,
            "source_arn": "arn:aws:execute-api:us-east-1:320251086690:vapshnrmeh/*/*/*",
            "statement_id": "AllowTMGReaddiscogs_authAPIInvoke",
            "statement_id_prefix": ""
          },
          "sensitive_attributes": [],
          "private": "bnVsbA==",
          "dependencies": [
            "aws_api_gateway_rest_api.waxmatch",
            "aws_iam_role.discogs_lambdas",
            "aws_lambda_function.discogs_lambdas",
            "aws_sqs_queue.song_processor",
            "data.aws_iam_policy_document.assume_role",
            "data.aws_secretsmanager_secret.discogs_consumer_key",
            "data.aws_secretsmanager_secret.discogs_consumer_secret",
            "data.aws_secretsmanager_secret.spotify_token",
            "data.aws_secretsmanager_secret_version.discogs_consumer_key",
            "data.aws_secretsmanager_secret_version.discogs_consumer_secret",
            "data.aws_secretsmanager_secret_version.spotify_token"
          ]
        }
      ]
    },
    {
      "mode": "managed",
      "type": "aws_lambda_permission",
      "name": "discogs_auth_request_token_lambda",
      "provider": "provider[\"registry.terraform.io/hashicorp/aws\"]",
      "instances": [
        {
          "schema_version": 0,
          "attributes": {
            "action": "lambda:InvokeFunction",
            "event_source_token": null,
            "function_name": "discogs-request-token",
            "function_url_auth_type": null,
            "id": "AllowTMGReaddiscogs_authAPIInvoke",
            "principal": "apigateway.amazonaws.com",
            "principal_org_id": null,
            "qualifier": "",
            "source_account": null,
            "source_arn": "arn:aws:execute-api:us-east-1:320251086690:vapshnrmeh/*/*/*",
            "statement_id": "AllowTMGReaddiscogs_authAPIInvoke",
            "statement_id_prefix": ""
          },
          "sensitive_attributes": [],
          "private": "bnVsbA==",
          "dependencies": [
            "aws_api_gateway_rest_api.waxmatch",
            "aws_iam_role.discogs_lambdas",
            "aws_lambda_function.discogs_lambdas",
            "aws_sqs_queue.song_processor",
            "data.aws_iam_policy_document.assume_role",
            "data.aws_secretsmanager_secret.discogs_consumer_key",
            "data.aws_secretsmanager_secret.discogs_consumer_secret",
            "data.aws_secretsmanager_secret.spotify_token",
            "data.aws_secretsmanager_secret_version.discogs_consumer_key",
            "data.aws_secretsmanager_secret_version.discogs_consumer_secret",
            "data.aws_secretsmanager_secret_version.spotify_token"
          ]
        }
      ]
    },
    {
      "mode": "managed",
      "type": "aws_lambda_permission",
      "name": "discogs_collection_releases_lambda",
      "provider": "provider[\"registry.terraform.io/hashicorp/aws\"]",
      "instances": [
        {
          "schema_version": 0,
          "attributes": {
            "action": "lambda:InvokeFunction",
            "event_source_token": null,
            "function_name": "discogs-get-collection-releases",
            "function_url_auth_type": null,
            "id": "AllowTMGReaddiscogs_collection_releasesAPIInvoke",
            "principal": "apigateway.amazonaws.com",
            "principal_org_id": null,
            "qualifier": "",
            "source_account": null,
            "source_arn": "arn:aws:execute-api:us-east-1:320251086690:vapshnrmeh/*/*/*",
            "statement_id": "AllowTMGReaddiscogs_collection_releasesAPIInvoke",
            "statement_id_prefix": ""
          },
          "sensitive_attributes": [],
          "private": "bnVsbA==",
          "dependencies": [
            "aws_api_gateway_rest_api.waxmatch",
            "aws_iam_role.discogs_lambdas",
            "aws_lambda_function.discogs_lambdas",
            "aws_sqs_queue.song_processor",
            "data.aws_iam_policy_document.assume_role",
            "data.aws_secretsmanager_secret.discogs_consumer_key",
            "data.aws_secretsmanager_secret.discogs_consumer_secret",
            "data.aws_secretsmanager_secret.spotify_token",
            "data.aws_secretsmanager_secret_version.discogs_consumer_key",
            "data.aws_secretsmanager_secret_version.discogs_consumer_secret",
            "data.aws_secretsmanager_secret_version.spotify_token"
          ]
        }
      ]
    },
    {
      "mode": "managed",
      "type": "aws_lambda_permission",
      "name": "discogs_identity_lambda",
      "provider": "provider[\"registry.terraform.io/hashicorp/aws\"]",
      "instances": [
        {
          "schema_version": 0,
          "attributes": {
            "action": "lambda:InvokeFunction",
            "event_source_token": null,
            "function_name": "discogs-identity",
            "function_url_auth_type": null,
            "id": "AllowTMGReaddiscogs_identityAPIInvoke",
            "principal": "apigateway.amazonaws.com",
            "principal_org_id": null,
            "qualifier": "",
            "source_account": null,
            "source_arn": "arn:aws:execute-api:us-east-1:320251086690:vapshnrmeh/*/*/*",
            "statement_id": "AllowTMGReaddiscogs_identityAPIInvoke",
            "statement_id_prefix": ""
          },
          "sensitive_attributes": [],
          "private": "bnVsbA==",
          "dependencies": [
            "aws_api_gateway_rest_api.waxmatch",
            "aws_iam_role.discogs_lambdas",
            "aws_lambda_function.discogs_lambdas",
            "aws_sqs_queue.song_processor",
            "data.aws_iam_policy_document.assume_role",
            "data.aws_secretsmanager_secret.discogs_consumer_key",
            "data.aws_secretsmanager_secret.discogs_consumer_secret",
            "data.aws_secretsmanager_secret.spotify_token",
            "data.aws_secretsmanager_secret_version.discogs_consumer_key",
            "data.aws_secretsmanager_secret_version.discogs_consumer_secret",
            "data.aws_secretsmanager_secret_version.spotify_token"
          ]
        }
      ]
    },
    {
      "mode": "managed",
      "type": "aws_lambda_permission",
      "name": "discogs_sync_lambda",
      "provider": "provider[\"registry.terraform.io/hashicorp/aws\"]",
      "instances": [
        {
          "schema_version": 0,
          "attributes": {
            "action": "lambda:InvokeFunction",
            "event_source_token": null,
            "function_name": "discogs-get-all-collection-releases",
            "function_url_auth_type": null,
            "id": "AllowTMGReaddiscogs_syncAPIInvoke",
            "principal": "apigateway.amazonaws.com",
            "principal_org_id": null,
            "qualifier": "",
            "source_account": null,
            "source_arn": "arn:aws:execute-api:us-east-1:320251086690:vapshnrmeh/*/*/*",
            "statement_id": "AllowTMGReaddiscogs_syncAPIInvoke",
            "statement_id_prefix": ""
          },
          "sensitive_attributes": [],
          "private": "bnVsbA==",
          "dependencies": [
            "aws_api_gateway_rest_api.waxmatch",
            "aws_iam_role.discogs_lambdas",
            "aws_lambda_function.discogs_lambdas",
            "aws_sqs_queue.song_processor",
            "data.aws_iam_policy_document.assume_role",
            "data.aws_secretsmanager_secret.discogs_consumer_key",
            "data.aws_secretsmanager_secret.discogs_consumer_secret",
            "data.aws_secretsmanager_secret.spotify_token",
            "data.aws_secretsmanager_secret_version.discogs_consumer_key",
            "data.aws_secretsmanager_secret_version.discogs_consumer_secret",
            "data.aws_secretsmanager_secret_version.spotify_token"
          ]
        }
      ]
    },
    {
      "mode": "managed",
      "type": "aws_sqs_queue",
      "name": "song_processor",
      "provider": "provider[\"registry.terraform.io/hashicorp/aws\"]",
      "instances": [
        {
          "schema_version": 0,
          "attributes": {
            "arn": "arn:aws:sqs:us-east-1:320251086690:song-processor",
            "content_based_deduplication": false,
            "deduplication_scope": "",
            "delay_seconds": 90,
            "fifo_queue": false,
            "fifo_throughput_limit": "",
            "id": "https://sqs.us-east-1.amazonaws.com/320251086690/song-processor",
            "kms_data_key_reuse_period_seconds": 300,
            "kms_master_key_id": "",
            "max_message_size": 2048,
            "message_retention_seconds": 86400,
            "name": "song-processor",
            "name_prefix": "",
            "policy": "",
            "receive_wait_time_seconds": 10,
            "redrive_allow_policy": "",
            "redrive_policy": "",
            "sqs_managed_sse_enabled": true,
            "tags": {},
            "tags_all": {},
            "url": "https://sqs.us-east-1.amazonaws.com/320251086690/song-processor",
            "visibility_timeout_seconds": 30
          },
          "sensitive_attributes": [],
          "private": "bnVsbA=="
        }
      ]
    }
  ],
  "check_results": null
}
