{
  "version": 4,
  "terraform_version": "1.4.6",
  "serial": 102,
  "lineage": "552b8011-5ab2-6d5b-fdeb-1546e5b6de78",
  "outputs": {},
  "resources": [
    {
      "mode": "data",
      "type": "aws_iam_policy_document",
      "name": "assume_role",
      "provider": "provider[\"registry.terraform.io/hashicorp/aws\"]",
      "instances": [
        {
          "schema_version": 0,
          "attributes": {
            "id": "3693445097",
            "json": "{\n  \"Version\": \"2012-10-17\",\n  \"Statement\": [\n    {\n      \"Sid\": \"\",\n      \"Effect\": \"Allow\",\n      \"Action\": \"sts:AssumeRole\",\n      \"Principal\": {\n        \"Service\": \"lambda.amazonaws.com\"\n      }\n    }\n  ]\n}",
            "override_json": null,
            "override_policy_documents": null,
            "policy_id": null,
            "source_json": null,
            "source_policy_documents": null,
            "statement": [
              {
                "actions": [
                  "sts:AssumeRole"
                ],
                "condition": [],
                "effect": "Allow",
                "not_actions": [],
                "not_principals": [],
                "not_resources": [],
                "principals": [
                  {
                    "identifiers": [
                      "lambda.amazonaws.com"
                    ],
                    "type": "Service"
                  }
                ],
                "resources": [],
                "sid": ""
              }
            ],
            "version": "2012-10-17"
          },
          "sensitive_attributes": []
        }
      ]
    },
    {
      "mode": "data",
      "type": "aws_iam_policy_document",
      "name": "common_discogs_lambda_policy",
      "provider": "provider[\"registry.terraform.io/hashicorp/aws\"]",
      "instances": [
        {
          "schema_version": 0,
          "attributes": {
            "id": "4063422367",
            "json": "{\n  \"Version\": \"2012-10-17\",\n  \"Statement\": [\n    {\n      \"Sid\": \"\",\n      \"Effect\": \"Allow\",\n      \"Action\": [\n        \"logs:PutLogEvents\",\n        \"logs:CreateLogStream\",\n        \"logs:CreateLogGroup\"\n      ],\n      \"Resource\": \"arn:aws:logs:*:*:*\"\n    }\n  ]\n}",
            "override_json": null,
            "override_policy_documents": null,
            "policy_id": null,
            "source_json": null,
            "source_policy_documents": null,
            "statement": [
              {
                "actions": [
                  "logs:CreateLogGroup",
                  "logs:CreateLogStream",
                  "logs:PutLogEvents"
                ],
                "condition": [],
                "effect": "Allow",
                "not_actions": [],
                "not_principals": [],
                "not_resources": [],
                "principals": [],
                "resources": [
                  "arn:aws:logs:*:*:*"
                ],
                "sid": ""
              }
            ],
            "version": "2012-10-17"
          },
          "sensitive_attributes": []
        }
      ]
    },
    {
      "mode": "data",
      "type": "aws_secretsmanager_secret",
      "name": "discogs_consumer_key",
      "provider": "provider[\"registry.terraform.io/hashicorp/aws\"]",
      "instances": [
        {
          "schema_version": 0,
          "attributes": {
            "arn": "arn:aws:secretsmanager:us-east-1:320251086690:secret:wax-match/discogs/consumer_key-1RbxxQ",
            "description": "",
            "id": "arn:aws:secretsmanager:us-east-1:320251086690:secret:wax-match/discogs/consumer_key-1RbxxQ",
            "kms_key_id": "",
            "name": "wax-match/discogs/consumer_key",
            "policy": "",
            "rotation_enabled": false,
            "rotation_lambda_arn": "",
            "rotation_rules": [],
            "tags": {}
          },
          "sensitive_attributes": []
        }
      ]
    },
    {
      "mode": "data",
      "type": "aws_secretsmanager_secret",
      "name": "discogs_consumer_secret",
      "provider": "provider[\"registry.terraform.io/hashicorp/aws\"]",
      "instances": [
        {
          "schema_version": 0,
          "attributes": {
            "arn": "arn:aws:secretsmanager:us-east-1:320251086690:secret:wax-match/discogs/consumer_secret-EghGi7",
            "description": "",
            "id": "arn:aws:secretsmanager:us-east-1:320251086690:secret:wax-match/discogs/consumer_secret-EghGi7",
            "kms_key_id": "",
            "name": "wax-match/discogs/consumer_secret",
            "policy": "",
            "rotation_enabled": false,
            "rotation_lambda_arn": "",
            "rotation_rules": [],
            "tags": {}
          },
          "sensitive_attributes": []
        }
      ]
    },
    {
      "mode": "data",
      "type": "aws_secretsmanager_secret_version",
      "name": "discogs_consumer_key",
      "provider": "provider[\"registry.terraform.io/hashicorp/aws\"]",
      "instances": [
        {
          "schema_version": 0,
          "attributes": {
            "arn": "arn:aws:secretsmanager:us-east-1:320251086690:secret:wax-match/discogs/consumer_key-1RbxxQ",
            "id": "arn:aws:secretsmanager:us-east-1:320251086690:secret:wax-match/discogs/consumer_key-1RbxxQ|AWSCURRENT",
            "secret_binary": "",
            "secret_id": "arn:aws:secretsmanager:us-east-1:320251086690:secret:wax-match/discogs/consumer_key-1RbxxQ",
            "secret_string": "{\"consumer_key\":\"cSEVasAULfmxVEdBvYDv\"}",
            "version_id": "f2063e68-aae4-4614-bad2-9465c7492814",
            "version_stage": "AWSCURRENT",
            "version_stages": [
              "AWSCURRENT"
            ]
          },
          "sensitive_attributes": []
        }
      ]
    },
    {
      "mode": "data",
      "type": "aws_secretsmanager_secret_version",
      "name": "discogs_consumer_secret",
      "provider": "provider[\"registry.terraform.io/hashicorp/aws\"]",
      "instances": [
        {
          "schema_version": 0,
          "attributes": {
            "arn": "arn:aws:secretsmanager:us-east-1:320251086690:secret:wax-match/discogs/consumer_secret-EghGi7",
            "id": "arn:aws:secretsmanager:us-east-1:320251086690:secret:wax-match/discogs/consumer_secret-EghGi7|AWSCURRENT",
            "secret_binary": "",
            "secret_id": "arn:aws:secretsmanager:us-east-1:320251086690:secret:wax-match/discogs/consumer_secret-EghGi7",
            "secret_string": "{\"consumer_secret\":\"yWebcILkcndvLQDMbQoPOaVSuihhLmzs\"}",
            "version_id": "351b6d72-a816-45b2-aed3-498885936439",
            "version_stage": "AWSCURRENT",
            "version_stages": [
              "AWSCURRENT"
            ]
          },
          "sensitive_attributes": []
        }
      ]
    },
    {
      "mode": "managed",
      "type": "aws_cloudwatch_log_group",
      "name": "discogs_lambdas",
      "provider": "provider[\"registry.terraform.io/hashicorp/aws\"]",
      "instances": [
        {
          "index_key": "discogs-access-token",
          "schema_version": 0,
          "attributes": {
            "arn": "arn:aws:logs:us-east-1:320251086690:log-group:/aws/lambda/discogs-access-token",
            "id": "/aws/lambda/discogs-access-token",
            "kms_key_id": "",
            "name": "/aws/lambda/discogs-access-token",
            "name_prefix": "",
            "retention_in_days": 14,
            "skip_destroy": false,
            "tags": {},
            "tags_all": {}
          },
          "sensitive_attributes": [],
          "private": "bnVsbA=="
        },
        {
          "index_key": "discogs-request-token",
          "schema_version": 0,
          "attributes": {
            "arn": "arn:aws:logs:us-east-1:320251086690:log-group:/aws/lambda/discogs-request-token",
            "id": "/aws/lambda/discogs-request-token",
            "kms_key_id": "",
            "name": "/aws/lambda/discogs-request-token",
            "name_prefix": "",
            "retention_in_days": 14,
            "skip_destroy": false,
            "tags": {},
            "tags_all": {}
          },
          "sensitive_attributes": [],
          "private": "bnVsbA=="
        }
      ]
    },
    {
      "mode": "managed",
      "type": "aws_iam_policy",
      "name": "common_lambda_policy",
      "provider": "provider[\"registry.terraform.io/hashicorp/aws\"]",
      "instances": [
        {
          "schema_version": 0,
          "attributes": {
            "arn": "arn:aws:iam::320251086690:policy/discogs-common-lambda-policy",
            "description": "IAM policy for logging from a lambda",
            "id": "arn:aws:iam::320251086690:policy/discogs-common-lambda-policy",
            "name": "discogs-common-lambda-policy",
            "name_prefix": "",
            "path": "/",
            "policy": "{\"Statement\":[{\"Action\":[\"logs:PutLogEvents\",\"logs:CreateLogStream\",\"logs:CreateLogGroup\"],\"Effect\":\"Allow\",\"Resource\":\"arn:aws:logs:*:*:*\",\"Sid\":\"\"}],\"Version\":\"2012-10-17\"}",
            "policy_id": "ANPAUVEDTY5RNI6M2CI63",
            "tags": {},
            "tags_all": {}
          },
          "sensitive_attributes": [],
          "private": "bnVsbA==",
          "dependencies": [
            "data.aws_iam_policy_document.common_discogs_lambda_policy"
          ]
        }
      ]
    },
    {
      "mode": "managed",
      "type": "aws_iam_role",
      "name": "discogs_lambdas",
      "provider": "provider[\"registry.terraform.io/hashicorp/aws\"]",
      "instances": [
        {
          "index_key": "discogs-access-token",
          "schema_version": 0,
          "attributes": {
            "arn": "arn:aws:iam::320251086690:role/discogs-access-token-lambda-role",
            "assume_role_policy": "{\"Statement\":[{\"Action\":\"sts:AssumeRole\",\"Effect\":\"Allow\",\"Principal\":{\"Service\":\"lambda.amazonaws.com\"},\"Sid\":\"\"}],\"Version\":\"2012-10-17\"}",
            "create_date": "2023-05-23T05:34:19Z",
            "description": "",
            "force_detach_policies": false,
            "id": "discogs-access-token-lambda-role",
            "inline_policy": [],
            "managed_policy_arns": [
              "arn:aws:iam::320251086690:policy/discogs-common-lambda-policy"
            ],
            "max_session_duration": 3600,
            "name": "discogs-access-token-lambda-role",
            "name_prefix": "",
            "path": "/",
            "permissions_boundary": null,
            "role_last_used": [
              {
                "last_used_date": "2023-05-23T05:46:09Z",
                "region": "us-east-1"
              }
            ],
            "tags": {},
            "tags_all": {},
            "unique_id": "AROAUVEDTY5RCXYPRB524"
          },
          "sensitive_attributes": [],
          "private": "bnVsbA==",
          "dependencies": [
            "data.aws_iam_policy_document.assume_role"
          ]
        },
        {
          "index_key": "discogs-request-token",
          "schema_version": 0,
          "attributes": {
            "arn": "arn:aws:iam::320251086690:role/discogs-request-token-lambda-role",
            "assume_role_policy": "{\"Statement\":[{\"Action\":\"sts:AssumeRole\",\"Effect\":\"Allow\",\"Principal\":{\"Service\":\"lambda.amazonaws.com\"},\"Sid\":\"\"}],\"Version\":\"2012-10-17\"}",
            "create_date": "2023-05-23T05:34:19Z",
            "description": "",
            "force_detach_policies": false,
            "id": "discogs-request-token-lambda-role",
            "inline_policy": [],
            "managed_policy_arns": [
              "arn:aws:iam::320251086690:policy/discogs-common-lambda-policy"
            ],
            "max_session_duration": 3600,
            "name": "discogs-request-token-lambda-role",
            "name_prefix": "",
            "path": "/",
            "permissions_boundary": null,
            "role_last_used": [
              {
                "last_used_date": "2023-08-20T22:16:30Z",
                "region": "us-east-1"
              }
            ],
            "tags": {},
            "tags_all": {},
            "unique_id": "AROAUVEDTY5RCP7C25E7E"
          },
          "sensitive_attributes": [],
          "private": "bnVsbA==",
          "dependencies": [
            "data.aws_iam_policy_document.assume_role"
          ]
        }
      ]
    },
    {
      "mode": "managed",
      "type": "aws_iam_role_policy_attachment",
      "name": "lambda_logs",
      "provider": "provider[\"registry.terraform.io/hashicorp/aws\"]",
      "instances": [
        {
          "index_key": "discogs-access-token",
          "schema_version": 0,
          "attributes": {
            "id": "discogs-access-token-lambda-role-20230523054439294200000002",
            "policy_arn": "arn:aws:iam::320251086690:policy/discogs-common-lambda-policy",
            "role": "discogs-access-token-lambda-role"
          },
          "sensitive_attributes": [],
          "private": "bnVsbA==",
          "dependencies": [
            "aws_iam_policy.common_lambda_policy",
            "aws_iam_role.discogs_lambdas",
            "data.aws_iam_policy_document.assume_role",
            "data.aws_iam_policy_document.common_discogs_lambda_policy"
          ]
        },
        {
          "index_key": "discogs-request-token",
          "schema_version": 0,
          "attributes": {
            "id": "discogs-request-token-lambda-role-20230523054439112400000001",
            "policy_arn": "arn:aws:iam::320251086690:policy/discogs-common-lambda-policy",
            "role": "discogs-request-token-lambda-role"
          },
          "sensitive_attributes": [],
          "private": "bnVsbA==",
          "dependencies": [
            "aws_iam_policy.common_lambda_policy",
            "aws_iam_role.discogs_lambdas",
            "data.aws_iam_policy_document.assume_role",
            "data.aws_iam_policy_document.common_discogs_lambda_policy"
          ]
        }
      ]
    },
    {
      "mode": "managed",
      "type": "aws_lambda_function",
      "name": "discogs_lambdas",
      "provider": "provider[\"registry.terraform.io/hashicorp/aws\"]",
      "instances": [
        {
          "index_key": "discogs-access-token",
          "schema_version": 0,
          "attributes": {
            "architectures": [
              "x86_64"
            ],
            "arn": "arn:aws:lambda:us-east-1:320251086690:function:discogs-access-token",
            "code_signing_config_arn": "",
            "dead_letter_config": [],
            "description": "",
            "environment": [
              {
                "variables": {
                  "consumer_key": "cSEVasAULfmxVEdBvYDv",
                  "consumer_secret": "yWebcILkcndvLQDMbQoPOaVSuihhLmzs"
                }
              }
            ],
            "ephemeral_storage": [
              {
                "size": 512
              }
            ],
            "file_system_config": [],
            "filename": "./build-artifacts/discogs-access-token.zip",
            "function_name": "discogs-access-token",
            "handler": "index.handler",
            "id": "discogs-access-token",
            "image_config": [],
            "image_uri": "",
            "invoke_arn": "arn:aws:apigateway:us-east-1:lambda:path/2015-03-31/functions/arn:aws:lambda:us-east-1:320251086690:function:discogs-access-token/invocations",
            "kms_key_arn": "",
            "last_modified": "2023-08-20T22:42:35.000+0000",
            "layers": [],
            "memory_size": 128,
            "package_type": "Zip",
            "publish": false,
            "qualified_arn": "arn:aws:lambda:us-east-1:320251086690:function:discogs-access-token:$LATEST",
            "qualified_invoke_arn": "arn:aws:apigateway:us-east-1:lambda:path/2015-03-31/functions/arn:aws:lambda:us-east-1:320251086690:function:discogs-access-token:$LATEST/invocations",
            "replace_security_groups_on_destroy": null,
            "replacement_security_group_ids": null,
            "reserved_concurrent_executions": -1,
            "role": "arn:aws:iam::320251086690:role/discogs-access-token-lambda-role",
            "runtime": "nodejs18.x",
            "s3_bucket": null,
            "s3_key": null,
            "s3_object_version": null,
            "signing_job_arn": "",
            "signing_profile_version_arn": "",
            "skip_destroy": false,
            "snap_start": [],
            "source_code_hash": "c0uLjOKzwk0ateW9hckuV3uR8OBUKsQO4qU6qdW0GSY=",
            "source_code_size": 38614805,
            "tags": {},
            "tags_all": {},
            "timeout": 3,
            "timeouts": null,
            "tracing_config": [
              {
                "mode": "PassThrough"
              }
            ],
            "version": "$LATEST",
            "vpc_config": []
          },
          "sensitive_attributes": [
            [
              {
                "type": "get_attr",
                "value": "environment"
              },
              {
                "type": "index",
                "value": {
                  "value": 0,
                  "type": "number"
                }
              },
              {
                "type": "get_attr",
                "value": "variables"
              },
              {
                "type": "index",
                "value": {
                  "value": "consumer_key",
                  "type": "string"
                }
              }
            ],
            [
              {
                "type": "get_attr",
                "value": "environment"
              },
              {
                "type": "index",
                "value": {
                  "value": 0,
                  "type": "number"
                }
              },
              {
                "type": "get_attr",
                "value": "variables"
              },
              {
                "type": "index",
                "value": {
                  "value": "consumer_secret",
                  "type": "string"
                }
              }
            ]
          ],
          "private": "eyJlMmJmYjczMC1lY2FhLTExZTYtOGY4OC0zNDM2M2JjN2M0YzAiOnsiY3JlYXRlIjo2MDAwMDAwMDAwMDAsImRlbGV0ZSI6NjAwMDAwMDAwMDAwLCJ1cGRhdGUiOjYwMDAwMDAwMDAwMH19",
          "dependencies": [
            "aws_iam_role.discogs_lambdas",
            "data.aws_secretsmanager_secret_version.discogs_consumer_key",
            "data.aws_secretsmanager_secret_version.discogs_consumer_secret"
          ]
        },
        {
          "index_key": "discogs-request-token",
          "schema_version": 0,
          "attributes": {
            "architectures": [
              "x86_64"
            ],
            "arn": "arn:aws:lambda:us-east-1:320251086690:function:discogs-request-token",
            "code_signing_config_arn": "",
            "dead_letter_config": [],
            "description": "",
            "environment": [
              {
                "variables": {
                  "consumer_key": "cSEVasAULfmxVEdBvYDv",
                  "consumer_secret": "yWebcILkcndvLQDMbQoPOaVSuihhLmzs"
                }
              }
            ],
            "ephemeral_storage": [
              {
                "size": 512
              }
            ],
            "file_system_config": [],
            "filename": "./build-artifacts/discogs-request-token.zip",
            "function_name": "discogs-request-token",
            "handler": "index.handler",
            "id": "discogs-request-token",
            "image_config": [],
            "image_uri": "",
            "invoke_arn": "arn:aws:apigateway:us-east-1:lambda:path/2015-03-31/functions/arn:aws:lambda:us-east-1:320251086690:function:discogs-request-token/invocations",
            "kms_key_arn": "",
            "last_modified": "2023-08-20T22:45:08.000+0000",
            "layers": [],
            "memory_size": 128,
            "package_type": "Zip",
            "publish": false,
            "qualified_arn": "arn:aws:lambda:us-east-1:320251086690:function:discogs-request-token:$LATEST",
            "qualified_invoke_arn": "arn:aws:apigateway:us-east-1:lambda:path/2015-03-31/functions/arn:aws:lambda:us-east-1:320251086690:function:discogs-request-token:$LATEST/invocations",
            "replace_security_groups_on_destroy": null,
            "replacement_security_group_ids": null,
            "reserved_concurrent_executions": -1,
            "role": "arn:aws:iam::320251086690:role/discogs-request-token-lambda-role",
            "runtime": "nodejs18.x",
            "s3_bucket": null,
            "s3_key": null,
            "s3_object_version": null,
            "signing_job_arn": "",
            "signing_profile_version_arn": "",
            "skip_destroy": false,
            "snap_start": [],
            "source_code_hash": "qzhs+NXGYqHIaIsWx8rkIINgoq69x7yiXjTlGwM1sdg=",
            "source_code_size": 39683486,
            "tags": {},
            "tags_all": {},
            "timeout": 3,
            "timeouts": null,
            "tracing_config": [
              {
                "mode": "PassThrough"
              }
            ],
            "version": "$LATEST",
            "vpc_config": []
          },
          "sensitive_attributes": [
            [
              {
                "type": "get_attr",
                "value": "environment"
              },
              {
                "type": "index",
                "value": {
                  "value": 0,
                  "type": "number"
                }
              },
              {
                "type": "get_attr",
                "value": "variables"
              },
              {
                "type": "index",
                "value": {
                  "value": "consumer_key",
                  "type": "string"
                }
              }
            ],
            [
              {
                "type": "get_attr",
                "value": "environment"
              },
              {
                "type": "index",
                "value": {
                  "value": 0,
                  "type": "number"
                }
              },
              {
                "type": "get_attr",
                "value": "variables"
              },
              {
                "type": "index",
                "value": {
                  "value": "consumer_secret",
                  "type": "string"
                }
              }
            ]
          ],
          "private": "eyJlMmJmYjczMC1lY2FhLTExZTYtOGY4OC0zNDM2M2JjN2M0YzAiOnsiY3JlYXRlIjo2MDAwMDAwMDAwMDAsImRlbGV0ZSI6NjAwMDAwMDAwMDAwLCJ1cGRhdGUiOjYwMDAwMDAwMDAwMH19",
          "dependencies": [
            "aws_iam_role.discogs_lambdas",
            "data.aws_secretsmanager_secret_version.discogs_consumer_key",
            "data.aws_secretsmanager_secret_version.discogs_consumer_secret"
          ]
        }
      ]
    }
  ],
  "check_results": null
}
