{
  "version": 4,
  "terraform_version": "1.4.6",
  "serial": 515,
  "lineage": "552b8011-5ab2-6d5b-fdeb-1546e5b6de78",
  "outputs": {},
  "resources": [
    {
      "mode": "data",
      "type": "aws_iam_policy_document",
      "name": "assume_role",
      "provider": "provider[\"registry.terraform.io/hashicorp/aws\"]",
      "instances": [
        {
          "schema_version": 0,
          "attributes": {
            "id": "3693445097",
            "json": "{\n  \"Version\": \"2012-10-17\",\n  \"Statement\": [\n    {\n      \"Sid\": \"\",\n      \"Effect\": \"Allow\",\n      \"Action\": \"sts:AssumeRole\",\n      \"Principal\": {\n        \"Service\": \"lambda.amazonaws.com\"\n      }\n    }\n  ]\n}",
            "override_json": null,
            "override_policy_documents": null,
            "policy_id": null,
            "source_json": null,
            "source_policy_documents": null,
            "statement": [
              {
                "actions": [
                  "sts:AssumeRole"
                ],
                "condition": [],
                "effect": "Allow",
                "not_actions": [],
                "not_principals": [],
                "not_resources": [],
                "principals": [
                  {
                    "identifiers": [
                      "lambda.amazonaws.com"
                    ],
                    "type": "Service"
                  }
                ],
                "resources": [],
                "sid": ""
              }
            ],
            "version": "2012-10-17"
          },
          "sensitive_attributes": []
        }
      ]
    },
    {
      "mode": "data",
      "type": "aws_iam_policy_document",
      "name": "common_discogs_lambda_policy",
      "provider": "provider[\"registry.terraform.io/hashicorp/aws\"]",
      "instances": [
        {
          "schema_version": 0,
          "attributes": {
            "id": "4063422367",
            "json": "{\n  \"Version\": \"2012-10-17\",\n  \"Statement\": [\n    {\n      \"Sid\": \"\",\n      \"Effect\": \"Allow\",\n      \"Action\": [\n        \"logs:PutLogEvents\",\n        \"logs:CreateLogStream\",\n        \"logs:CreateLogGroup\"\n      ],\n      \"Resource\": \"arn:aws:logs:*:*:*\"\n    }\n  ]\n}",
            "override_json": null,
            "override_policy_documents": null,
            "policy_id": null,
            "source_json": null,
            "source_policy_documents": null,
            "statement": [
              {
                "actions": [
                  "logs:CreateLogGroup",
                  "logs:CreateLogStream",
                  "logs:PutLogEvents"
                ],
                "condition": [],
                "effect": "Allow",
                "not_actions": [],
                "not_principals": [],
                "not_resources": [],
                "principals": [],
                "resources": [
                  "arn:aws:logs:*:*:*"
                ],
                "sid": ""
              }
            ],
            "version": "2012-10-17"
          },
          "sensitive_attributes": []
        }
      ]
    },
    {
      "mode": "data",
      "type": "aws_secretsmanager_secret",
      "name": "discogs_consumer_key",
      "provider": "provider[\"registry.terraform.io/hashicorp/aws\"]",
      "instances": [
        {
          "schema_version": 0,
          "attributes": {
            "arn": "arn:aws:secretsmanager:us-east-1:320251086690:secret:wax-match/discogs/consumer_key-1RbxxQ",
            "description": "",
            "id": "arn:aws:secretsmanager:us-east-1:320251086690:secret:wax-match/discogs/consumer_key-1RbxxQ",
            "kms_key_id": "",
            "name": "wax-match/discogs/consumer_key",
            "policy": "",
            "rotation_enabled": false,
            "rotation_lambda_arn": "",
            "rotation_rules": [],
            "tags": {}
          },
          "sensitive_attributes": []
        }
      ]
    },
    {
      "mode": "data",
      "type": "aws_secretsmanager_secret",
      "name": "discogs_consumer_secret",
      "provider": "provider[\"registry.terraform.io/hashicorp/aws\"]",
      "instances": [
        {
          "schema_version": 0,
          "attributes": {
            "arn": "arn:aws:secretsmanager:us-east-1:320251086690:secret:wax-match/discogs/consumer_secret-EghGi7",
            "description": "",
            "id": "arn:aws:secretsmanager:us-east-1:320251086690:secret:wax-match/discogs/consumer_secret-EghGi7",
            "kms_key_id": "",
            "name": "wax-match/discogs/consumer_secret",
            "policy": "",
            "rotation_enabled": false,
            "rotation_lambda_arn": "",
            "rotation_rules": [],
            "tags": {}
          },
          "sensitive_attributes": []
        }
      ]
    },
    {
      "mode": "data",
      "type": "aws_secretsmanager_secret_version",
      "name": "discogs_consumer_key",
      "provider": "provider[\"registry.terraform.io/hashicorp/aws\"]",
      "instances": [
        {
          "schema_version": 0,
          "attributes": {
            "arn": "arn:aws:secretsmanager:us-east-1:320251086690:secret:wax-match/discogs/consumer_key-1RbxxQ",
            "id": "arn:aws:secretsmanager:us-east-1:320251086690:secret:wax-match/discogs/consumer_key-1RbxxQ|AWSCURRENT",
            "secret_binary": "",
            "secret_id": "arn:aws:secretsmanager:us-east-1:320251086690:secret:wax-match/discogs/consumer_key-1RbxxQ",
            "secret_string": "{\"consumer_key\":\"cSEVasAULfmxVEdBvYDv\"}",
            "version_id": "f2063e68-aae4-4614-bad2-9465c7492814",
            "version_stage": "AWSCURRENT",
            "version_stages": [
              "AWSCURRENT"
            ]
          },
          "sensitive_attributes": []
        }
      ]
    },
    {
      "mode": "data",
      "type": "aws_secretsmanager_secret_version",
      "name": "discogs_consumer_secret",
      "provider": "provider[\"registry.terraform.io/hashicorp/aws\"]",
      "instances": [
        {
          "schema_version": 0,
          "attributes": {
            "arn": "arn:aws:secretsmanager:us-east-1:320251086690:secret:wax-match/discogs/consumer_secret-EghGi7",
            "id": "arn:aws:secretsmanager:us-east-1:320251086690:secret:wax-match/discogs/consumer_secret-EghGi7|AWSCURRENT",
            "secret_binary": "",
            "secret_id": "arn:aws:secretsmanager:us-east-1:320251086690:secret:wax-match/discogs/consumer_secret-EghGi7",
            "secret_string": "{\"consumer_secret\":\"yWebcILkcndvLQDMbQoPOaVSuihhLmzs\"}",
            "version_id": "351b6d72-a816-45b2-aed3-498885936439",
            "version_stage": "AWSCURRENT",
            "version_stages": [
              "AWSCURRENT"
            ]
          },
          "sensitive_attributes": []
        }
      ]
    },
    {
      "mode": "managed",
      "type": "aws_api_gateway_deployment",
      "name": "waxmatch",
      "provider": "provider[\"registry.terraform.io/hashicorp/aws\"]",
      "instances": [
        {
          "schema_version": 0,
          "attributes": {
            "created_date": "2023-08-21T06:15:26Z",
            "description": "",
            "execution_arn": "arn:aws:execute-api:us-east-1:320251086690:vapshnrmeh/",
            "id": "nv2vm3",
            "invoke_url": "https://vapshnrmeh.execute-api.us-east-1.amazonaws.com/",
            "rest_api_id": "vapshnrmeh",
            "stage_description": null,
            "stage_name": null,
            "triggers": null,
            "variables": null
          },
          "sensitive_attributes": [],
          "private": "bnVsbA==",
          "dependencies": [
            "aws_api_gateway_rest_api.waxmatch"
          ],
          "create_before_destroy": true
        }
      ]
    },
    {
      "mode": "managed",
      "type": "aws_api_gateway_integration",
      "name": "discogs_auth_access_token",
      "provider": "provider[\"registry.terraform.io/hashicorp/aws\"]",
      "instances": [
        {
          "schema_version": 0,
          "attributes": {
            "cache_key_parameters": [],
            "cache_namespace": "9pxxrk",
            "connection_id": "",
            "connection_type": "INTERNET",
            "content_handling": "",
            "credentials": "",
            "http_method": "POST",
            "id": "agi-vapshnrmeh-9pxxrk-POST",
            "integration_http_method": "POST",
            "passthrough_behavior": "WHEN_NO_MATCH",
            "request_parameters": {},
            "request_templates": {},
            "resource_id": "9pxxrk",
            "rest_api_id": "vapshnrmeh",
            "timeout_milliseconds": 29000,
            "tls_config": [],
            "type": "AWS_PROXY",
            "uri": "arn:aws:apigateway:us-east-1:lambda:path/2015-03-31/functions/arn:aws:lambda:us-east-1:320251086690:function:discogs-access-token/invocations"
          },
          "sensitive_attributes": [],
          "private": "bnVsbA==",
          "dependencies": [
            "aws_api_gateway_method.discogs_auth_access_token",
            "aws_api_gateway_resource.discogs",
            "aws_api_gateway_resource.discogs_auth",
            "aws_api_gateway_resource.discogs_auth_access_token",
            "aws_api_gateway_rest_api.waxmatch",
            "aws_iam_role.discogs_lambdas",
            "aws_lambda_function.discogs_lambdas",
            "data.aws_iam_policy_document.assume_role",
            "data.aws_secretsmanager_secret.discogs_consumer_key",
            "data.aws_secretsmanager_secret.discogs_consumer_secret",
            "data.aws_secretsmanager_secret_version.discogs_consumer_key",
            "data.aws_secretsmanager_secret_version.discogs_consumer_secret"
          ]
        }
      ]
    },
    {
      "mode": "managed",
      "type": "aws_api_gateway_integration",
      "name": "discogs_auth_request_token",
      "provider": "provider[\"registry.terraform.io/hashicorp/aws\"]",
      "instances": [
        {
          "schema_version": 0,
          "attributes": {
            "cache_key_parameters": [],
            "cache_namespace": "s2u8r6",
            "connection_id": "",
            "connection_type": "INTERNET",
            "content_handling": "",
            "credentials": "",
            "http_method": "GET",
            "id": "agi-vapshnrmeh-s2u8r6-GET",
            "integration_http_method": "GET",
            "passthrough_behavior": "WHEN_NO_MATCH",
            "request_parameters": {},
            "request_templates": {},
            "resource_id": "s2u8r6",
            "rest_api_id": "vapshnrmeh",
            "timeout_milliseconds": 29000,
            "tls_config": [],
            "type": "AWS_PROXY",
            "uri": "arn:aws:apigateway:us-east-1:lambda:path/2015-03-31/functions/arn:aws:lambda:us-east-1:320251086690:function:discogs-request-token/invocations"
          },
          "sensitive_attributes": [],
          "private": "bnVsbA==",
          "dependencies": [
            "aws_api_gateway_method.discogs_auth_request_token",
            "aws_api_gateway_resource.discogs",
            "aws_api_gateway_resource.discogs_auth",
            "aws_api_gateway_resource.discogs_auth_request_token",
            "aws_api_gateway_rest_api.waxmatch",
            "aws_iam_role.discogs_lambdas",
            "aws_lambda_function.discogs_lambdas",
            "data.aws_iam_policy_document.assume_role",
            "data.aws_secretsmanager_secret.discogs_consumer_key",
            "data.aws_secretsmanager_secret.discogs_consumer_secret",
            "data.aws_secretsmanager_secret_version.discogs_consumer_key",
            "data.aws_secretsmanager_secret_version.discogs_consumer_secret"
          ]
        }
      ]
    },
    {
      "mode": "managed",
      "type": "aws_api_gateway_integration",
      "name": "discogs_identity",
      "provider": "provider[\"registry.terraform.io/hashicorp/aws\"]",
      "instances": [
        {
          "schema_version": 0,
          "attributes": {
            "cache_key_parameters": [],
            "cache_namespace": "n9bmft",
            "connection_id": "",
            "connection_type": "INTERNET",
            "content_handling": "",
            "credentials": "",
            "http_method": "GET",
            "id": "agi-vapshnrmeh-n9bmft-GET",
            "integration_http_method": "GET",
            "passthrough_behavior": "WHEN_NO_MATCH",
            "request_parameters": {},
            "request_templates": {},
            "resource_id": "n9bmft",
            "rest_api_id": "vapshnrmeh",
            "timeout_milliseconds": 29000,
            "tls_config": [],
            "type": "AWS_PROXY",
            "uri": "arn:aws:apigateway:us-east-1:lambda:path/2015-03-31/functions/arn:aws:lambda:us-east-1:320251086690:function:discogs-identity/invocations"
          },
          "sensitive_attributes": [],
          "private": "bnVsbA==",
          "dependencies": [
            "aws_api_gateway_method.discogs_identity",
            "aws_api_gateway_resource.discogs",
            "aws_api_gateway_resource.discogs_identity",
            "aws_api_gateway_rest_api.waxmatch",
            "aws_iam_role.discogs_lambdas",
            "aws_lambda_function.discogs_lambdas",
            "data.aws_iam_policy_document.assume_role",
            "data.aws_secretsmanager_secret.discogs_consumer_key",
            "data.aws_secretsmanager_secret.discogs_consumer_secret",
            "data.aws_secretsmanager_secret_version.discogs_consumer_key",
            "data.aws_secretsmanager_secret_version.discogs_consumer_secret"
          ]
        }
      ]
    },
    {
      "mode": "managed",
      "type": "aws_api_gateway_integration_response",
      "name": "discogs_auth_access_token",
      "provider": "provider[\"registry.terraform.io/hashicorp/aws\"]",
      "instances": [
        {
          "schema_version": 0,
          "attributes": {
            "content_handling": "",
            "http_method": "POST",
            "id": "agir-vapshnrmeh-9pxxrk-POST-200",
            "resource_id": "9pxxrk",
            "response_parameters": {},
            "response_templates": {
              "application/json": ""
            },
            "rest_api_id": "vapshnrmeh",
            "selection_pattern": "",
            "status_code": "200"
          },
          "sensitive_attributes": [],
          "private": "bnVsbA==",
          "dependencies": [
            "aws_api_gateway_method.discogs_auth_access_token",
            "aws_api_gateway_resource.discogs",
            "aws_api_gateway_resource.discogs_auth",
            "aws_api_gateway_resource.discogs_auth_access_token",
            "aws_api_gateway_rest_api.waxmatch"
          ]
        }
      ]
    },
    {
      "mode": "managed",
      "type": "aws_api_gateway_integration_response",
      "name": "discogs_auth_request_token",
      "provider": "provider[\"registry.terraform.io/hashicorp/aws\"]",
      "instances": [
        {
          "schema_version": 0,
          "attributes": {
            "content_handling": "",
            "http_method": "GET",
            "id": "agir-vapshnrmeh-s2u8r6-GET-200",
            "resource_id": "s2u8r6",
            "response_parameters": null,
            "response_templates": {
              "application/json": ""
            },
            "rest_api_id": "vapshnrmeh",
            "selection_pattern": "",
            "status_code": "200"
          },
          "sensitive_attributes": [],
          "private": "bnVsbA==",
          "dependencies": [
            "aws_api_gateway_method.discogs_auth_request_token",
            "aws_api_gateway_resource.discogs_auth_request_token",
            "aws_api_gateway_rest_api.waxmatch"
          ]
        }
      ]
    },
    {
      "mode": "managed",
      "type": "aws_api_gateway_integration_response",
      "name": "discogs_identity",
      "provider": "provider[\"registry.terraform.io/hashicorp/aws\"]",
      "instances": [
        {
          "schema_version": 0,
          "attributes": {
            "content_handling": "",
            "http_method": "GET",
            "id": "agir-vapshnrmeh-n9bmft-GET-200",
            "resource_id": "n9bmft",
            "response_parameters": null,
            "response_templates": {
              "application/json": ""
            },
            "rest_api_id": "vapshnrmeh",
            "selection_pattern": "",
            "status_code": "200"
          },
          "sensitive_attributes": [],
          "private": "bnVsbA==",
          "dependencies": [
            "aws_api_gateway_method.discogs_identity",
            "aws_api_gateway_resource.discogs_identity",
            "aws_api_gateway_rest_api.waxmatch"
          ]
        }
      ]
    },
    {
      "mode": "managed",
      "type": "aws_api_gateway_method",
      "name": "discogs_auth_access_token",
      "provider": "provider[\"registry.terraform.io/hashicorp/aws\"]",
      "instances": [
        {
          "schema_version": 0,
          "attributes": {
            "api_key_required": false,
            "authorization": "NONE",
            "authorization_scopes": [],
            "authorizer_id": "",
            "http_method": "POST",
            "id": "agm-vapshnrmeh-9pxxrk-POST",
            "operation_name": "",
            "request_models": {},
            "request_parameters": {},
            "request_validator_id": "",
            "resource_id": "9pxxrk",
            "rest_api_id": "vapshnrmeh"
          },
          "sensitive_attributes": [],
          "private": "bnVsbA==",
          "dependencies": [
            "aws_api_gateway_resource.discogs",
            "aws_api_gateway_resource.discogs_auth",
            "aws_api_gateway_resource.discogs_auth_access_token",
            "aws_api_gateway_rest_api.waxmatch"
          ]
        }
      ]
    },
    {
      "mode": "managed",
      "type": "aws_api_gateway_method",
      "name": "discogs_auth_request_token",
      "provider": "provider[\"registry.terraform.io/hashicorp/aws\"]",
      "instances": [
        {
          "schema_version": 0,
          "attributes": {
            "api_key_required": false,
            "authorization": "NONE",
            "authorization_scopes": [],
            "authorizer_id": "",
            "http_method": "GET",
            "id": "agm-vapshnrmeh-s2u8r6-GET",
            "operation_name": "",
            "request_models": {},
            "request_parameters": {},
            "request_validator_id": "",
            "resource_id": "s2u8r6",
            "rest_api_id": "vapshnrmeh"
          },
          "sensitive_attributes": [],
          "private": "bnVsbA==",
          "dependencies": [
            "aws_api_gateway_resource.discogs",
            "aws_api_gateway_resource.discogs_auth",
            "aws_api_gateway_resource.discogs_auth_request_token",
            "aws_api_gateway_rest_api.waxmatch"
          ]
        }
      ]
    },
    {
      "mode": "managed",
      "type": "aws_api_gateway_method",
      "name": "discogs_identity",
      "provider": "provider[\"registry.terraform.io/hashicorp/aws\"]",
      "instances": [
        {
          "schema_version": 0,
          "attributes": {
            "api_key_required": false,
            "authorization": "NONE",
            "authorization_scopes": [],
            "authorizer_id": "",
            "http_method": "GET",
            "id": "agm-vapshnrmeh-n9bmft-GET",
            "operation_name": "",
            "request_models": {},
            "request_parameters": {},
            "request_validator_id": "",
            "resource_id": "n9bmft",
            "rest_api_id": "vapshnrmeh"
          },
          "sensitive_attributes": [],
          "private": "bnVsbA==",
          "dependencies": [
            "aws_api_gateway_resource.discogs",
            "aws_api_gateway_resource.discogs_identity",
            "aws_api_gateway_rest_api.waxmatch"
          ]
        }
      ]
    },
    {
      "mode": "managed",
      "type": "aws_api_gateway_method_response",
      "name": "discogs_auth_access_token_200",
      "provider": "provider[\"registry.terraform.io/hashicorp/aws\"]",
      "instances": [
        {
          "schema_version": 0,
          "attributes": {
            "http_method": "POST",
            "id": "agmr-vapshnrmeh-9pxxrk-POST-200",
            "resource_id": "9pxxrk",
            "response_models": {
              "application/json": "Empty"
            },
            "response_parameters": {
              "method.response.header.Access-Control-Allow-Origin": true
            },
            "rest_api_id": "vapshnrmeh",
            "status_code": "200"
          },
          "sensitive_attributes": [],
          "private": "bnVsbA==",
          "dependencies": [
            "aws_api_gateway_method.discogs_auth_access_token",
            "aws_api_gateway_resource.discogs",
            "aws_api_gateway_resource.discogs_auth",
            "aws_api_gateway_resource.discogs_auth_access_token",
            "aws_api_gateway_rest_api.waxmatch"
          ]
        }
      ]
    },
    {
      "mode": "managed",
      "type": "aws_api_gateway_method_response",
      "name": "discogs_auth_access_token_400",
      "provider": "provider[\"registry.terraform.io/hashicorp/aws\"]",
      "instances": [
        {
          "schema_version": 0,
          "attributes": {
            "http_method": "POST",
            "id": "agmr-vapshnrmeh-9pxxrk-POST-400",
            "resource_id": "9pxxrk",
            "response_models": {},
            "response_parameters": {},
            "rest_api_id": "vapshnrmeh",
            "status_code": "400"
          },
          "sensitive_attributes": [],
          "private": "bnVsbA==",
          "dependencies": [
            "aws_api_gateway_method.discogs_auth_access_token",
            "aws_api_gateway_resource.discogs",
            "aws_api_gateway_resource.discogs_auth",
            "aws_api_gateway_resource.discogs_auth_access_token",
            "aws_api_gateway_rest_api.waxmatch"
          ]
        }
      ]
    },
    {
      "mode": "managed",
      "type": "aws_api_gateway_method_response",
      "name": "discogs_auth_request_token_200",
      "provider": "provider[\"registry.terraform.io/hashicorp/aws\"]",
      "instances": [
        {
          "schema_version": 0,
          "attributes": {
            "http_method": "GET",
            "id": "agmr-vapshnrmeh-s2u8r6-GET-200",
            "resource_id": "s2u8r6",
            "response_models": {
              "application/json": "Empty"
            },
            "response_parameters": {
              "method.response.header.Access-Control-Allow-Origin": true
            },
            "rest_api_id": "vapshnrmeh",
            "status_code": "200"
          },
          "sensitive_attributes": [],
          "private": "bnVsbA==",
          "dependencies": [
            "aws_api_gateway_method.discogs_auth_request_token",
            "aws_api_gateway_resource.discogs",
            "aws_api_gateway_resource.discogs_auth",
            "aws_api_gateway_resource.discogs_auth_request_token",
            "aws_api_gateway_rest_api.waxmatch"
          ]
        }
      ]
    },
    {
      "mode": "managed",
      "type": "aws_api_gateway_method_response",
      "name": "discogs_auth_request_token_400",
      "provider": "provider[\"registry.terraform.io/hashicorp/aws\"]",
      "instances": [
        {
          "schema_version": 0,
          "attributes": {
            "http_method": "GET",
            "id": "agmr-vapshnrmeh-s2u8r6-GET-400",
            "resource_id": "s2u8r6",
            "response_models": {},
            "response_parameters": {},
            "rest_api_id": "vapshnrmeh",
            "status_code": "400"
          },
          "sensitive_attributes": [],
          "private": "bnVsbA==",
          "dependencies": [
            "aws_api_gateway_method.discogs_auth_request_token",
            "aws_api_gateway_resource.discogs",
            "aws_api_gateway_resource.discogs_auth",
            "aws_api_gateway_resource.discogs_auth_request_token",
            "aws_api_gateway_rest_api.waxmatch"
          ]
        }
      ]
    },
    {
      "mode": "managed",
      "type": "aws_api_gateway_method_response",
      "name": "discogs_identity_200",
      "provider": "provider[\"registry.terraform.io/hashicorp/aws\"]",
      "instances": [
        {
          "schema_version": 0,
          "attributes": {
            "http_method": "GET",
            "id": "agmr-vapshnrmeh-n9bmft-GET-200",
            "resource_id": "n9bmft",
            "response_models": {
              "application/json": "Empty"
            },
            "response_parameters": {
              "method.response.header.Access-Control-Allow-Origin": true
            },
            "rest_api_id": "vapshnrmeh",
            "status_code": "200"
          },
          "sensitive_attributes": [],
          "private": "bnVsbA==",
          "dependencies": [
            "aws_api_gateway_method.discogs_identity",
            "aws_api_gateway_resource.discogs",
            "aws_api_gateway_resource.discogs_identity",
            "aws_api_gateway_rest_api.waxmatch"
          ]
        }
      ]
    },
    {
      "mode": "managed",
      "type": "aws_api_gateway_method_response",
      "name": "discogs_identity_400",
      "provider": "provider[\"registry.terraform.io/hashicorp/aws\"]",
      "instances": [
        {
          "schema_version": 0,
          "attributes": {
            "http_method": "GET",
            "id": "agmr-vapshnrmeh-n9bmft-GET-400",
            "resource_id": "n9bmft",
            "response_models": {},
            "response_parameters": {},
            "rest_api_id": "vapshnrmeh",
            "status_code": "400"
          },
          "sensitive_attributes": [],
          "private": "bnVsbA==",
          "dependencies": [
            "aws_api_gateway_method.discogs_identity",
            "aws_api_gateway_resource.discogs",
            "aws_api_gateway_resource.discogs_identity",
            "aws_api_gateway_rest_api.waxmatch"
          ]
        }
      ]
    },
    {
      "mode": "managed",
      "type": "aws_api_gateway_resource",
      "name": "discogs",
      "provider": "provider[\"registry.terraform.io/hashicorp/aws\"]",
      "instances": [
        {
          "schema_version": 0,
          "attributes": {
            "id": "2r4aex",
            "parent_id": "ovl29a8qe2",
            "path": "/discogs",
            "path_part": "discogs",
            "rest_api_id": "vapshnrmeh"
          },
          "sensitive_attributes": [],
          "private": "bnVsbA==",
          "dependencies": [
            "aws_api_gateway_rest_api.waxmatch"
          ]
        }
      ]
    },
    {
      "mode": "managed",
      "type": "aws_api_gateway_resource",
      "name": "discogs_auth",
      "provider": "provider[\"registry.terraform.io/hashicorp/aws\"]",
      "instances": [
        {
          "schema_version": 0,
          "attributes": {
            "id": "316ger",
            "parent_id": "2r4aex",
            "path": "/discogs/auth",
            "path_part": "auth",
            "rest_api_id": "vapshnrmeh"
          },
          "sensitive_attributes": [],
          "private": "bnVsbA==",
          "dependencies": [
            "aws_api_gateway_resource.discogs",
            "aws_api_gateway_rest_api.waxmatch"
          ]
        }
      ]
    },
    {
      "mode": "managed",
      "type": "aws_api_gateway_resource",
      "name": "discogs_auth_access_token",
      "provider": "provider[\"registry.terraform.io/hashicorp/aws\"]",
      "instances": [
        {
          "schema_version": 0,
          "attributes": {
            "id": "9pxxrk",
            "parent_id": "316ger",
            "path": "/discogs/auth/access-token",
            "path_part": "access-token",
            "rest_api_id": "vapshnrmeh"
          },
          "sensitive_attributes": [],
          "private": "bnVsbA==",
          "dependencies": [
            "aws_api_gateway_resource.discogs",
            "aws_api_gateway_resource.discogs_auth",
            "aws_api_gateway_rest_api.waxmatch"
          ]
        }
      ]
    },
    {
      "mode": "managed",
      "type": "aws_api_gateway_resource",
      "name": "discogs_auth_request_token",
      "provider": "provider[\"registry.terraform.io/hashicorp/aws\"]",
      "instances": [
        {
          "schema_version": 0,
          "attributes": {
            "id": "s2u8r6",
            "parent_id": "316ger",
            "path": "/discogs/auth/request-token",
            "path_part": "request-token",
            "rest_api_id": "vapshnrmeh"
          },
          "sensitive_attributes": [],
          "private": "bnVsbA==",
          "dependencies": [
            "aws_api_gateway_resource.discogs",
            "aws_api_gateway_resource.discogs_auth",
            "aws_api_gateway_rest_api.waxmatch"
          ]
        }
      ]
    },
    {
      "mode": "managed",
      "type": "aws_api_gateway_resource",
      "name": "discogs_identity",
      "provider": "provider[\"registry.terraform.io/hashicorp/aws\"]",
      "instances": [
        {
          "schema_version": 0,
          "attributes": {
            "id": "n9bmft",
            "parent_id": "2r4aex",
            "path": "/discogs/identity",
            "path_part": "identity",
            "rest_api_id": "vapshnrmeh"
          },
          "sensitive_attributes": [],
          "private": "bnVsbA==",
          "dependencies": [
            "aws_api_gateway_resource.discogs",
            "aws_api_gateway_rest_api.waxmatch"
          ]
        }
      ]
    },
    {
      "mode": "managed",
      "type": "aws_api_gateway_rest_api",
      "name": "waxmatch",
      "provider": "provider[\"registry.terraform.io/hashicorp/aws\"]",
      "instances": [
        {
          "schema_version": 0,
          "attributes": {
            "api_key_source": "HEADER",
            "arn": "arn:aws:apigateway:us-east-1::/restapis/vapshnrmeh",
            "binary_media_types": [],
            "body": null,
            "created_date": "2023-08-21T02:00:47Z",
            "description": "",
            "disable_execute_api_endpoint": false,
            "endpoint_configuration": [
              {
                "types": [
                  "REGIONAL"
                ],
                "vpc_endpoint_ids": []
              }
            ],
            "execution_arn": "arn:aws:execute-api:us-east-1:320251086690:vapshnrmeh",
            "fail_on_warnings": null,
            "id": "vapshnrmeh",
            "minimum_compression_size": -1,
            "name": "WaxMatchAPI",
            "parameters": null,
            "policy": "{\"Version\":\"2012-10-17\",\"Statement\":[{\"Sid\":\"assumerole\",\"Effect\":\"Allow\",\"Principal\":{\"Service\":\"apigateway.amazonaws.com\"},\"Action\":\"sts:AssumeRole\"},{\"Effect\":\"Allow\",\"Principal\":\"*\",\"Action\":\"execute-api:Invoke\",\"Resource\":\"arn:aws:execute-api:us-east-1:320251086690:vapshnrmeh/*\"}]}",
            "put_rest_api_mode": null,
            "root_resource_id": "ovl29a8qe2",
            "tags": {},
            "tags_all": {}
          },
          "sensitive_attributes": [],
          "private": "bnVsbA==",
          "create_before_destroy": true
        }
      ]
    },
    {
      "mode": "managed",
      "type": "aws_api_gateway_rest_api_policy",
      "name": "waxmatch",
      "provider": "provider[\"registry.terraform.io/hashicorp/aws\"]",
      "instances": [
        {
          "schema_version": 0,
          "attributes": {
            "id": "vapshnrmeh",
            "policy": "{\"Version\":\"2012-10-17\",\"Statement\":[{\"Sid\":\"assumerole\",\"Effect\":\"Allow\",\"Principal\":{\"Service\":\"apigateway.amazonaws.com\"},\"Action\":\"sts:AssumeRole\"},{\"Effect\":\"Allow\",\"Principal\":\"*\",\"Action\":\"execute-api:Invoke\",\"Resource\":\"arn:aws:execute-api:us-east-1:320251086690:vapshnrmeh/*\"}]}",
            "rest_api_id": "vapshnrmeh"
          },
          "sensitive_attributes": [],
          "private": "bnVsbA==",
          "dependencies": [
            "aws_api_gateway_rest_api.waxmatch"
          ]
        }
      ]
    },
    {
      "mode": "managed",
      "type": "aws_api_gateway_stage",
      "name": "waxmatch",
      "provider": "provider[\"registry.terraform.io/hashicorp/aws\"]",
      "instances": [
        {
          "schema_version": 0,
          "attributes": {
            "access_log_settings": [],
            "arn": "arn:aws:apigateway:us-east-1::/restapis/vapshnrmeh/stages/dev",
            "cache_cluster_enabled": false,
            "cache_cluster_size": "",
            "canary_settings": [],
            "client_certificate_id": "",
            "deployment_id": "nv2vm3",
            "description": "",
            "documentation_version": "",
            "execution_arn": "arn:aws:execute-api:us-east-1:320251086690:vapshnrmeh/dev",
            "id": "ags-vapshnrmeh-dev",
            "invoke_url": "https://vapshnrmeh.execute-api.us-east-1.amazonaws.com/dev",
            "rest_api_id": "vapshnrmeh",
            "stage_name": "dev",
            "tags": {},
            "tags_all": {},
            "variables": {},
            "web_acl_arn": "",
            "xray_tracing_enabled": false
          },
          "sensitive_attributes": [],
          "private": "bnVsbA==",
          "dependencies": [
            "aws_api_gateway_deployment.waxmatch",
            "aws_api_gateway_rest_api.waxmatch"
          ]
        }
      ]
    },
    {
      "mode": "managed",
      "type": "aws_cloudwatch_log_group",
      "name": "discogs_lambdas",
      "provider": "provider[\"registry.terraform.io/hashicorp/aws\"]",
      "instances": [
        {
          "index_key": "discogs-access-token",
          "schema_version": 0,
          "attributes": {
            "arn": "arn:aws:logs:us-east-1:320251086690:log-group:/aws/lambda/discogs-access-token",
            "id": "/aws/lambda/discogs-access-token",
            "kms_key_id": "",
            "name": "/aws/lambda/discogs-access-token",
            "name_prefix": "",
            "retention_in_days": 14,
            "skip_destroy": false,
            "tags": {},
            "tags_all": {}
          },
          "sensitive_attributes": [],
          "private": "bnVsbA=="
        },
        {
          "index_key": "discogs-identity",
          "schema_version": 0,
          "attributes": {
            "arn": "arn:aws:logs:us-east-1:320251086690:log-group:/aws/lambda/discogs-identity",
            "id": "/aws/lambda/discogs-identity",
            "kms_key_id": "",
            "name": "/aws/lambda/discogs-identity",
            "name_prefix": "",
            "retention_in_days": 14,
            "skip_destroy": false,
            "tags": {},
            "tags_all": {}
          },
          "sensitive_attributes": [],
          "private": "bnVsbA=="
        },
        {
          "index_key": "discogs-request-token",
          "schema_version": 0,
          "attributes": {
            "arn": "arn:aws:logs:us-east-1:320251086690:log-group:/aws/lambda/discogs-request-token",
            "id": "/aws/lambda/discogs-request-token",
            "kms_key_id": "",
            "name": "/aws/lambda/discogs-request-token",
            "name_prefix": "",
            "retention_in_days": 14,
            "skip_destroy": false,
            "tags": {},
            "tags_all": {}
          },
          "sensitive_attributes": [],
          "private": "bnVsbA=="
        }
      ]
    },
    {
      "mode": "managed",
      "type": "aws_iam_policy",
      "name": "common_lambda_policy",
      "provider": "provider[\"registry.terraform.io/hashicorp/aws\"]",
      "instances": [
        {
          "schema_version": 0,
          "attributes": {
            "arn": "arn:aws:iam::320251086690:policy/discogs-common-lambda-policy",
            "description": "IAM policy for logging from a lambda",
            "id": "arn:aws:iam::320251086690:policy/discogs-common-lambda-policy",
            "name": "discogs-common-lambda-policy",
            "name_prefix": "",
            "path": "/",
            "policy": "{\"Statement\":[{\"Action\":[\"logs:PutLogEvents\",\"logs:CreateLogStream\",\"logs:CreateLogGroup\"],\"Effect\":\"Allow\",\"Resource\":\"arn:aws:logs:*:*:*\",\"Sid\":\"\"}],\"Version\":\"2012-10-17\"}",
            "policy_id": "ANPAUVEDTY5RNI6M2CI63",
            "tags": {},
            "tags_all": {}
          },
          "sensitive_attributes": [],
          "private": "bnVsbA==",
          "dependencies": [
            "data.aws_iam_policy_document.common_discogs_lambda_policy"
          ]
        }
      ]
    },
    {
      "mode": "managed",
      "type": "aws_iam_role",
      "name": "discogs_lambdas",
      "provider": "provider[\"registry.terraform.io/hashicorp/aws\"]",
      "instances": [
        {
          "index_key": "discogs-access-token",
          "schema_version": 0,
          "attributes": {
            "arn": "arn:aws:iam::320251086690:role/discogs-access-token-lambda-role",
            "assume_role_policy": "{\"Statement\":[{\"Action\":\"sts:AssumeRole\",\"Effect\":\"Allow\",\"Principal\":{\"Service\":\"lambda.amazonaws.com\"},\"Sid\":\"\"}],\"Version\":\"2012-10-17\"}",
            "create_date": "2023-05-23T05:34:19Z",
            "description": "",
            "force_detach_policies": false,
            "id": "discogs-access-token-lambda-role",
            "inline_policy": [],
            "managed_policy_arns": [
              "arn:aws:iam::320251086690:policy/discogs-common-lambda-policy"
            ],
            "max_session_duration": 3600,
            "name": "discogs-access-token-lambda-role",
            "name_prefix": "",
            "path": "/",
            "permissions_boundary": null,
            "role_last_used": [
              {
                "last_used_date": "2023-09-05T22:22:06Z",
                "region": "us-east-1"
              }
            ],
            "tags": {},
            "tags_all": {},
            "unique_id": "AROAUVEDTY5RCXYPRB524"
          },
          "sensitive_attributes": [],
          "private": "bnVsbA==",
          "dependencies": [
            "data.aws_iam_policy_document.assume_role"
          ]
        },
        {
          "index_key": "discogs-identity",
          "schema_version": 0,
          "attributes": {
            "arn": "arn:aws:iam::320251086690:role/discogs-identity-lambda-role",
            "assume_role_policy": "{\"Statement\":[{\"Action\":\"sts:AssumeRole\",\"Effect\":\"Allow\",\"Principal\":{\"Service\":\"lambda.amazonaws.com\"},\"Sid\":\"\"}],\"Version\":\"2012-10-17\"}",
            "create_date": "2023-09-06T00:59:40Z",
            "description": "",
            "force_detach_policies": false,
            "id": "discogs-identity-lambda-role",
            "inline_policy": [],
            "managed_policy_arns": [
              "arn:aws:iam::320251086690:policy/discogs-common-lambda-policy"
            ],
            "max_session_duration": 3600,
            "name": "discogs-identity-lambda-role",
            "name_prefix": "",
            "path": "/",
            "permissions_boundary": null,
            "role_last_used": [
              {
                "last_used_date": "2023-09-06T03:14:30Z",
                "region": "us-east-1"
              }
            ],
            "tags": {},
            "tags_all": {},
            "unique_id": "AROAUVEDTY5RAVMJ3THVY"
          },
          "sensitive_attributes": [],
          "private": "bnVsbA==",
          "dependencies": [
            "data.aws_iam_policy_document.assume_role"
          ]
        },
        {
          "index_key": "discogs-request-token",
          "schema_version": 0,
          "attributes": {
            "arn": "arn:aws:iam::320251086690:role/discogs-request-token-lambda-role",
            "assume_role_policy": "{\"Statement\":[{\"Action\":\"sts:AssumeRole\",\"Effect\":\"Allow\",\"Principal\":{\"Service\":\"lambda.amazonaws.com\"},\"Sid\":\"\"}],\"Version\":\"2012-10-17\"}",
            "create_date": "2023-05-23T05:34:19Z",
            "description": "",
            "force_detach_policies": false,
            "id": "discogs-request-token-lambda-role",
            "inline_policy": [],
            "managed_policy_arns": [
              "arn:aws:iam::320251086690:policy/discogs-common-lambda-policy"
            ],
            "max_session_duration": 3600,
            "name": "discogs-request-token-lambda-role",
            "name_prefix": "",
            "path": "/",
            "permissions_boundary": null,
            "role_last_used": [
              {
                "last_used_date": "2023-09-05T22:21:58Z",
                "region": "us-east-1"
              }
            ],
            "tags": {},
            "tags_all": {},
            "unique_id": "AROAUVEDTY5RCP7C25E7E"
          },
          "sensitive_attributes": [],
          "private": "bnVsbA==",
          "dependencies": [
            "data.aws_iam_policy_document.assume_role"
          ]
        }
      ]
    },
    {
      "mode": "managed",
      "type": "aws_iam_role_policy_attachment",
      "name": "lambda_logs",
      "provider": "provider[\"registry.terraform.io/hashicorp/aws\"]",
      "instances": [
        {
          "index_key": "discogs-access-token",
          "schema_version": 0,
          "attributes": {
            "id": "discogs-access-token-lambda-role-20230523054439294200000002",
            "policy_arn": "arn:aws:iam::320251086690:policy/discogs-common-lambda-policy",
            "role": "discogs-access-token-lambda-role"
          },
          "sensitive_attributes": [],
          "private": "bnVsbA==",
          "dependencies": [
            "aws_iam_policy.common_lambda_policy",
            "aws_iam_role.discogs_lambdas",
            "data.aws_iam_policy_document.assume_role",
            "data.aws_iam_policy_document.common_discogs_lambda_policy"
          ]
        },
        {
          "index_key": "discogs-identity",
          "schema_version": 0,
          "attributes": {
            "id": "discogs-identity-lambda-role-20230906005940695500000001",
            "policy_arn": "arn:aws:iam::320251086690:policy/discogs-common-lambda-policy",
            "role": "discogs-identity-lambda-role"
          },
          "sensitive_attributes": [],
          "private": "bnVsbA==",
          "dependencies": [
            "aws_iam_policy.common_lambda_policy",
            "aws_iam_role.discogs_lambdas",
            "data.aws_iam_policy_document.assume_role",
            "data.aws_iam_policy_document.common_discogs_lambda_policy"
          ]
        },
        {
          "index_key": "discogs-request-token",
          "schema_version": 0,
          "attributes": {
            "id": "discogs-request-token-lambda-role-20230523054439112400000001",
            "policy_arn": "arn:aws:iam::320251086690:policy/discogs-common-lambda-policy",
            "role": "discogs-request-token-lambda-role"
          },
          "sensitive_attributes": [],
          "private": "bnVsbA==",
          "dependencies": [
            "aws_iam_policy.common_lambda_policy",
            "aws_iam_role.discogs_lambdas",
            "data.aws_iam_policy_document.assume_role",
            "data.aws_iam_policy_document.common_discogs_lambda_policy"
          ]
        }
      ]
    },
    {
      "mode": "managed",
      "type": "aws_lambda_function",
      "name": "discogs_lambdas",
      "provider": "provider[\"registry.terraform.io/hashicorp/aws\"]",
      "instances": [
        {
          "index_key": "discogs-access-token",
          "schema_version": 0,
          "attributes": {
            "architectures": [
              "x86_64"
            ],
            "arn": "arn:aws:lambda:us-east-1:320251086690:function:discogs-access-token",
            "code_signing_config_arn": "",
            "dead_letter_config": [],
            "description": "",
            "environment": [
              {
                "variables": {
                  "consumer_key": "cSEVasAULfmxVEdBvYDv",
                  "consumer_secret": "yWebcILkcndvLQDMbQoPOaVSuihhLmzs"
                }
              }
            ],
            "ephemeral_storage": [
              {
                "size": 512
              }
            ],
            "file_system_config": [],
            "filename": "./build-artifacts/discogs-access-token.zip",
            "function_name": "discogs-access-token",
            "handler": "index.handler",
            "id": "discogs-access-token",
            "image_config": [],
            "image_uri": "",
            "invoke_arn": "arn:aws:apigateway:us-east-1:lambda:path/2015-03-31/functions/arn:aws:lambda:us-east-1:320251086690:function:discogs-access-token/invocations",
            "kms_key_arn": "",
            "last_modified": "2023-09-06T04:05:55.000+0000",
            "layers": [],
            "memory_size": 128,
            "package_type": "Zip",
            "publish": false,
            "qualified_arn": "arn:aws:lambda:us-east-1:320251086690:function:discogs-access-token:$LATEST",
            "qualified_invoke_arn": "arn:aws:apigateway:us-east-1:lambda:path/2015-03-31/functions/arn:aws:lambda:us-east-1:320251086690:function:discogs-access-token:$LATEST/invocations",
            "replace_security_groups_on_destroy": null,
            "replacement_security_group_ids": null,
            "reserved_concurrent_executions": -1,
            "role": "arn:aws:iam::320251086690:role/discogs-access-token-lambda-role",
            "runtime": "nodejs18.x",
            "s3_bucket": null,
            "s3_key": null,
            "s3_object_version": null,
            "signing_job_arn": "",
            "signing_profile_version_arn": "",
            "skip_destroy": false,
            "snap_start": [],
            "source_code_hash": "EKRkTotrHq+FqHRZosAobK8eMWDrdgV/FcVoeIPTjzE=",
            "source_code_size": 39004097,
            "tags": {},
            "tags_all": {},
            "timeout": 3,
            "timeouts": null,
            "tracing_config": [
              {
                "mode": "PassThrough"
              }
            ],
            "version": "$LATEST",
            "vpc_config": []
          },
          "sensitive_attributes": [
            [
              {
                "type": "get_attr",
                "value": "environment"
              },
              {
                "type": "index",
                "value": {
                  "value": 0,
                  "type": "number"
                }
              },
              {
                "type": "get_attr",
                "value": "variables"
              },
              {
                "type": "index",
                "value": {
                  "value": "consumer_key",
                  "type": "string"
                }
              }
            ],
            [
              {
                "type": "get_attr",
                "value": "environment"
              },
              {
                "type": "index",
                "value": {
                  "value": 0,
                  "type": "number"
                }
              },
              {
                "type": "get_attr",
                "value": "variables"
              },
              {
                "type": "index",
                "value": {
                  "value": "consumer_secret",
                  "type": "string"
                }
              }
            ]
          ],
          "private": "eyJlMmJmYjczMC1lY2FhLTExZTYtOGY4OC0zNDM2M2JjN2M0YzAiOnsiY3JlYXRlIjo2MDAwMDAwMDAwMDAsImRlbGV0ZSI6NjAwMDAwMDAwMDAwLCJ1cGRhdGUiOjYwMDAwMDAwMDAwMH19",
          "dependencies": [
            "aws_iam_role.discogs_lambdas",
            "data.aws_iam_policy_document.assume_role",
            "data.aws_secretsmanager_secret.discogs_consumer_key",
            "data.aws_secretsmanager_secret.discogs_consumer_secret",
            "data.aws_secretsmanager_secret_version.discogs_consumer_key",
            "data.aws_secretsmanager_secret_version.discogs_consumer_secret"
          ]
        },
        {
          "index_key": "discogs-identity",
          "schema_version": 0,
          "attributes": {
            "architectures": [
              "x86_64"
            ],
            "arn": "arn:aws:lambda:us-east-1:320251086690:function:discogs-identity",
            "code_signing_config_arn": "",
            "dead_letter_config": [],
            "description": "",
            "environment": [
              {
                "variables": {
                  "consumer_key": "cSEVasAULfmxVEdBvYDv",
                  "consumer_secret": "yWebcILkcndvLQDMbQoPOaVSuihhLmzs"
                }
              }
            ],
            "ephemeral_storage": [
              {
                "size": 512
              }
            ],
            "file_system_config": [],
            "filename": "./build-artifacts/discogs-identity.zip",
            "function_name": "discogs-identity",
            "handler": "index.handler",
            "id": "discogs-identity",
            "image_config": [],
            "image_uri": "",
            "invoke_arn": "arn:aws:apigateway:us-east-1:lambda:path/2015-03-31/functions/arn:aws:lambda:us-east-1:320251086690:function:discogs-identity/invocations",
            "kms_key_arn": "",
            "last_modified": "2023-09-06T04:05:04.000+0000",
            "layers": [],
            "memory_size": 128,
            "package_type": "Zip",
            "publish": false,
            "qualified_arn": "arn:aws:lambda:us-east-1:320251086690:function:discogs-identity:$LATEST",
            "qualified_invoke_arn": "arn:aws:apigateway:us-east-1:lambda:path/2015-03-31/functions/arn:aws:lambda:us-east-1:320251086690:function:discogs-identity:$LATEST/invocations",
            "replace_security_groups_on_destroy": null,
            "replacement_security_group_ids": null,
            "reserved_concurrent_executions": -1,
            "role": "arn:aws:iam::320251086690:role/discogs-identity-lambda-role",
            "runtime": "nodejs18.x",
            "s3_bucket": null,
            "s3_key": null,
            "s3_object_version": null,
            "signing_job_arn": "",
            "signing_profile_version_arn": "",
            "skip_destroy": false,
            "snap_start": [],
            "source_code_hash": "Lg/yo/TkyW+L835I1TQWlQnDq8DOGR4iqPMgWFcpwqg=",
            "source_code_size": 39003999,
            "tags": {},
            "tags_all": {},
            "timeout": 3,
            "timeouts": null,
            "tracing_config": [
              {
                "mode": "PassThrough"
              }
            ],
            "version": "$LATEST",
            "vpc_config": []
          },
          "sensitive_attributes": [
            [
              {
                "type": "get_attr",
                "value": "environment"
              },
              {
                "type": "index",
                "value": {
                  "value": 0,
                  "type": "number"
                }
              },
              {
                "type": "get_attr",
                "value": "variables"
              },
              {
                "type": "index",
                "value": {
                  "value": "consumer_key",
                  "type": "string"
                }
              }
            ],
            [
              {
                "type": "get_attr",
                "value": "environment"
              },
              {
                "type": "index",
                "value": {
                  "value": 0,
                  "type": "number"
                }
              },
              {
                "type": "get_attr",
                "value": "variables"
              },
              {
                "type": "index",
                "value": {
                  "value": "consumer_secret",
                  "type": "string"
                }
              }
            ]
          ],
          "private": "eyJlMmJmYjczMC1lY2FhLTExZTYtOGY4OC0zNDM2M2JjN2M0YzAiOnsiY3JlYXRlIjo2MDAwMDAwMDAwMDAsImRlbGV0ZSI6NjAwMDAwMDAwMDAwLCJ1cGRhdGUiOjYwMDAwMDAwMDAwMH19",
          "dependencies": [
            "aws_iam_role.discogs_lambdas",
            "data.aws_iam_policy_document.assume_role",
            "data.aws_secretsmanager_secret.discogs_consumer_key",
            "data.aws_secretsmanager_secret.discogs_consumer_secret",
            "data.aws_secretsmanager_secret_version.discogs_consumer_key",
            "data.aws_secretsmanager_secret_version.discogs_consumer_secret"
          ]
        },
        {
          "index_key": "discogs-request-token",
          "schema_version": 0,
          "attributes": {
            "architectures": [
              "x86_64"
            ],
            "arn": "arn:aws:lambda:us-east-1:320251086690:function:discogs-request-token",
            "code_signing_config_arn": "",
            "dead_letter_config": [],
            "description": "",
            "environment": [
              {
                "variables": {
                  "consumer_key": "cSEVasAULfmxVEdBvYDv",
                  "consumer_secret": "yWebcILkcndvLQDMbQoPOaVSuihhLmzs"
                }
              }
            ],
            "ephemeral_storage": [
              {
                "size": 512
              }
            ],
            "file_system_config": [],
            "filename": "./build-artifacts/discogs-request-token.zip",
            "function_name": "discogs-request-token",
            "handler": "index.handler",
            "id": "discogs-request-token",
            "image_config": [],
            "image_uri": "",
            "invoke_arn": "arn:aws:apigateway:us-east-1:lambda:path/2015-03-31/functions/arn:aws:lambda:us-east-1:320251086690:function:discogs-request-token/invocations",
            "kms_key_arn": "",
            "last_modified": "2023-09-06T04:06:49.000+0000",
            "layers": [],
            "memory_size": 128,
            "package_type": "Zip",
            "publish": false,
            "qualified_arn": "arn:aws:lambda:us-east-1:320251086690:function:discogs-request-token:$LATEST",
            "qualified_invoke_arn": "arn:aws:apigateway:us-east-1:lambda:path/2015-03-31/functions/arn:aws:lambda:us-east-1:320251086690:function:discogs-request-token:$LATEST/invocations",
            "replace_security_groups_on_destroy": null,
            "replacement_security_group_ids": null,
            "reserved_concurrent_executions": -1,
            "role": "arn:aws:iam::320251086690:role/discogs-request-token-lambda-role",
            "runtime": "nodejs18.x",
            "s3_bucket": null,
            "s3_key": null,
            "s3_object_version": null,
            "signing_job_arn": "",
            "signing_profile_version_arn": "",
            "skip_destroy": false,
            "snap_start": [],
            "source_code_hash": "KsF1zozJOhaJklii9w1BwodqQBVLIMRwDbqlnFOi5e8=",
            "source_code_size": 39854343,
            "tags": {},
            "tags_all": {},
            "timeout": 3,
            "timeouts": null,
            "tracing_config": [
              {
                "mode": "PassThrough"
              }
            ],
            "version": "$LATEST",
            "vpc_config": []
          },
          "sensitive_attributes": [
            [
              {
                "type": "get_attr",
                "value": "environment"
              },
              {
                "type": "index",
                "value": {
                  "value": 0,
                  "type": "number"
                }
              },
              {
                "type": "get_attr",
                "value": "variables"
              },
              {
                "type": "index",
                "value": {
                  "value": "consumer_key",
                  "type": "string"
                }
              }
            ],
            [
              {
                "type": "get_attr",
                "value": "environment"
              },
              {
                "type": "index",
                "value": {
                  "value": 0,
                  "type": "number"
                }
              },
              {
                "type": "get_attr",
                "value": "variables"
              },
              {
                "type": "index",
                "value": {
                  "value": "consumer_secret",
                  "type": "string"
                }
              }
            ]
          ],
          "private": "eyJlMmJmYjczMC1lY2FhLTExZTYtOGY4OC0zNDM2M2JjN2M0YzAiOnsiY3JlYXRlIjo2MDAwMDAwMDAwMDAsImRlbGV0ZSI6NjAwMDAwMDAwMDAwLCJ1cGRhdGUiOjYwMDAwMDAwMDAwMH19",
          "dependencies": [
            "aws_iam_role.discogs_lambdas",
            "data.aws_iam_policy_document.assume_role",
            "data.aws_secretsmanager_secret.discogs_consumer_key",
            "data.aws_secretsmanager_secret.discogs_consumer_secret",
            "data.aws_secretsmanager_secret_version.discogs_consumer_key",
            "data.aws_secretsmanager_secret_version.discogs_consumer_secret"
          ]
        }
      ]
    },
    {
      "mode": "managed",
      "type": "aws_lambda_permission",
      "name": "discogs_auth_access_token_lambda",
      "provider": "provider[\"registry.terraform.io/hashicorp/aws\"]",
      "instances": [
        {
          "schema_version": 0,
          "attributes": {
            "action": "lambda:InvokeFunction",
            "event_source_token": null,
            "function_name": "discogs-access-token",
            "function_url_auth_type": null,
            "id": "AllowTMGReaddiscogs_authAPIInvoke",
            "principal": "apigateway.amazonaws.com",
            "principal_org_id": null,
            "qualifier": "",
            "source_account": null,
            "source_arn": "arn:aws:execute-api:us-east-1:320251086690:vapshnrmeh/*/*/*",
            "statement_id": "AllowTMGReaddiscogs_authAPIInvoke",
            "statement_id_prefix": ""
          },
          "sensitive_attributes": [],
          "private": "bnVsbA==",
          "dependencies": [
            "aws_api_gateway_rest_api.waxmatch",
            "aws_iam_role.discogs_lambdas",
            "aws_lambda_function.discogs_lambdas",
            "data.aws_iam_policy_document.assume_role",
            "data.aws_secretsmanager_secret.discogs_consumer_key",
            "data.aws_secretsmanager_secret.discogs_consumer_secret",
            "data.aws_secretsmanager_secret_version.discogs_consumer_key",
            "data.aws_secretsmanager_secret_version.discogs_consumer_secret"
          ]
        }
      ]
    },
    {
      "mode": "managed",
      "type": "aws_lambda_permission",
      "name": "discogs_auth_request_token_lambda",
      "provider": "provider[\"registry.terraform.io/hashicorp/aws\"]",
      "instances": [
        {
          "schema_version": 0,
          "attributes": {
            "action": "lambda:InvokeFunction",
            "event_source_token": null,
            "function_name": "discogs-request-token",
            "function_url_auth_type": null,
            "id": "AllowTMGReaddiscogs_authAPIInvoke",
            "principal": "apigateway.amazonaws.com",
            "principal_org_id": null,
            "qualifier": "",
            "source_account": null,
            "source_arn": "arn:aws:execute-api:us-east-1:320251086690:vapshnrmeh/*/*/*",
            "statement_id": "AllowTMGReaddiscogs_authAPIInvoke",
            "statement_id_prefix": ""
          },
          "sensitive_attributes": [],
          "private": "bnVsbA==",
          "dependencies": [
            "aws_api_gateway_rest_api.waxmatch",
            "aws_iam_role.discogs_lambdas",
            "aws_lambda_function.discogs_lambdas",
            "data.aws_iam_policy_document.assume_role",
            "data.aws_secretsmanager_secret.discogs_consumer_key",
            "data.aws_secretsmanager_secret.discogs_consumer_secret",
            "data.aws_secretsmanager_secret_version.discogs_consumer_key",
            "data.aws_secretsmanager_secret_version.discogs_consumer_secret"
          ]
        }
      ]
    },
    {
      "mode": "managed",
      "type": "aws_lambda_permission",
      "name": "discogs_identity_lambda",
      "provider": "provider[\"registry.terraform.io/hashicorp/aws\"]",
      "instances": [
        {
          "schema_version": 0,
          "attributes": {
            "action": "lambda:InvokeFunction",
            "event_source_token": null,
            "function_name": "discogs-identity",
            "function_url_auth_type": null,
            "id": "AllowTMGReaddiscogs_identityAPIInvoke",
            "principal": "apigateway.amazonaws.com",
            "principal_org_id": null,
            "qualifier": "",
            "source_account": null,
            "source_arn": "arn:aws:execute-api:us-east-1:320251086690:vapshnrmeh/*/*/*",
            "statement_id": "AllowTMGReaddiscogs_identityAPIInvoke",
            "statement_id_prefix": ""
          },
          "sensitive_attributes": [],
          "private": "bnVsbA==",
          "dependencies": [
            "aws_api_gateway_rest_api.waxmatch",
            "aws_iam_role.discogs_lambdas",
            "aws_lambda_function.discogs_lambdas",
            "data.aws_iam_policy_document.assume_role",
            "data.aws_secretsmanager_secret.discogs_consumer_key",
            "data.aws_secretsmanager_secret.discogs_consumer_secret",
            "data.aws_secretsmanager_secret_version.discogs_consumer_key",
            "data.aws_secretsmanager_secret_version.discogs_consumer_secret"
          ]
        }
      ]
    }
  ],
  "check_results": null
}
